{
  "originHash" : "28ae793316dfa977d5abc8524a9b0379444b60aac4272c69ec129862a2d69008",
  "pins" : [
    {
      "identity" : "cache",
      "kind" : "remoteSourceControl",
      "location" : "https://github.com/hyperoslo/Cache.git",
      "state" : {
        "revision" : "d2e8f5a53c601b43371fdc90277d7f64b0e89a25",
        "version" : "7.3.0"
      }
    },
    {
      "identity" : "keychain-swift",
      "kind" : "remoteSourceControl",
      "location" : "https://github.com/evgenyneu/keychain-swift.git",
      "state" : {
        "revision" : "5e1b02b6a9dac2a759a1d5dbc175c86bd192a608",
        "version" : "24.0.0"
      }
    },
    {
      "identity" : "swiftyjson",
      "kind" : "remoteSourceControl",
      "location" : "https://github.com/SwiftyJSON/SwiftyJSON.git",
      "state" : {
        "revision" : "af76cf3ef710b6ca5f8c05f3a31307d44a3c5828",
        "version" : "5.0.2"
      }
    },
    {
      "identity" : "wishkit-ios",
      "kind" : "remoteSourceControl",
      "location" : "https://github.com/wishkit/wishkit-ios.git",
      "state" : {
        "revision" : "951b17b6b683c72d36627de77e8e26afcfbde6ae",
        "version" : "4.7.0"
      }
    },
    {
      "identity" : "wishkit-ios-shared",
      "kind" : "remoteSourceControl",
      "location" : "https://github.com/wishkit/wishkit-ios-shared.git",
      "state" : {
        "revision" : "cd184932bcdbdc8766137ef8ecac63c424be93a7",
        "version" : "1.5.0"
      }
    },
    {
      "identity" : "xterminalui",
      "kind" : "remoteSourceControl",
      "location" : "https://github.com/Lakr233/XTerminalUI.git",
      "state" : {
        "revision" : "a892f800d242f8165e5bb0a5dbcd1d24c17a68e2",
        "version" : "1.7.0"
      }
    }
  ],
  "version" : 3
}
