{
  "originHash" : "315ac55a1ccbee67ab95353805f2414fab4c4e0b2d59897547aaa57c1e1f935e",
  "pins" : [
    {
      "identity" : "cache",
      "kind" : "remoteSourceControl",
      "location" : "https://github.com/hyperoslo/Cache.git",
      "state" : {
        "revision" : "d2e8f5a53c601b43371fdc90277d7f64b0e89a25",
        "version" : "7.3.0"
      }
    },
    {
      "identity" : "swiftyjson",
      "kind" : "remoteSourceControl",
      "location" : "https://github.com/SwiftyJSON/SwiftyJSON.git",
      "state" : {
        "revision" : "af76cf3ef710b6ca5f8c05f3a31307d44a3c5828",
        "version" : "5.0.2"
      }
    },
    {
      "identity" : "xterminalui",
      "kind" : "remoteSourceControl",
      "location" : "https://github.com/Lakr233/XTerminalUI.git",
      "state" : {
        "revision" : "a892f800d242f8165e5bb0a5dbcd1d24c17a68e2",
        "version" : "1.7.0"
      }
    }
  ],
  "version" : 3
}
