// !$*UTF8*$!
{
	archiveVersion = 1;
	classes = {
	};
	objectVersion = 56;
	objects = {

/* Begin PBXBuildFile section */
		CB701A0F2C5BB47600019344 /* README.md in Resources */ = {isa = PBXBuildFile; fileRef = CB701A0E2C5BB47600019344 /* README.md */; };
		CB701A112C5BB58D00019344 /* LICENSE in Resources */ = {isa = PBXBuildFile; fileRef = CB701A102C5BB58D00019344 /* LICENSE */; };
		CB701A132C5C5DA500019344 /* CardView.swift in Sources */ = {isa = PBXBuildFile; fileRef = CB701A122C5C5DA500019344 /* CardView.swift */; };
		CB701A202C5CF93500019344 /* WidgetKit.framework in Frameworks */ = {isa = PBXBuildFile; fileRef = CB701A1F2C5CF93500019344 /* WidgetKit.framework */; };
		CB701A222C5CF93500019344 /* SwiftUI.framework in Frameworks */ = {isa = PBXBuildFile; fileRef = CB701A212C5CF93500019344 /* SwiftUI.framework */; };
		CB701A252C5CF93500019344 /* WidgetAppBundle.swift in Sources */ = {isa = PBXBuildFile; fileRef = CB701A242C5CF93500019344 /* WidgetAppBundle.swift */; };
		CB701A2B2C5CF93600019344 /* Assets.xcassets in Resources */ = {isa = PBXBuildFile; fileRef = CB701A2A2C5CF93600019344 /* Assets.xcassets */; };
		CB701A2F2C5CF93600019344 /* WidgetAppExtension.appex in Embed Foundation Extensions */ = {isa = PBXBuildFile; fileRef = CB701A1D2C5CF93500019344 /* WidgetAppExtension.appex */; settings = {ATTRIBUTES = (RemoveHeadersOnCopy, ); }; };
		CB701A372C5DC9B400019344 /* Utilities.swift in Sources */ = {isa = PBXBuildFile; fileRef = CB9C60852C5B293100DAE1E3 /* Utilities.swift */; };
		CB701A392C5DC9F000019344 /* ViewUtilities.swift in Sources */ = {isa = PBXBuildFile; fileRef = CB701A382C5DC9F000019344 /* ViewUtilities.swift */; };
		CB701A3B2C5DCFD100019344 /* AppIntent.swift in Sources */ = {isa = PBXBuildFile; fileRef = CB701A3A2C5DCFD100019344 /* AppIntent.swift */; };
		CB701A3C2C5DD5DD00019344 /* WidgetApp.swift in Sources */ = {isa = PBXBuildFile; fileRef = CB701A262C5CF93500019344 /* WidgetApp.swift */; };
		CB701A3D2C5DE13F00019344 /* Localizable.xcstrings in Resources */ = {isa = PBXBuildFile; fileRef = CB9C608D2C5B9FC200DAE1E3 /* Localizable.xcstrings */; };
		CB701A3F2C61B73000019344 /* APIResponseModel.swift in Sources */ = {isa = PBXBuildFile; fileRef = CB701A3E2C61B73000019344 /* APIResponseModel.swift */; };
		CB701A412C63131F00019344 /* ChangeThemeView.swift in Sources */ = {isa = PBXBuildFile; fileRef = CB701A402C63131F00019344 /* ChangeThemeView.swift */; };
		CB701A422C631D4400019344 /* APIResponseModel.swift in Sources */ = {isa = PBXBuildFile; fileRef = CB701A3E2C61B73000019344 /* APIResponseModel.swift */; };
		CB701A432C631D8A00019344 /* RequestHandler.swift in Sources */ = {isa = PBXBuildFile; fileRef = CB9C607F2C5B089100DAE1E3 /* RequestHandler.swift */; };
		CB701A522C67077400019344 /* WatchApp.swift in Sources */ = {isa = PBXBuildFile; fileRef = CB701A512C67077400019344 /* WatchApp.swift */; };
		CB701A542C67077400019344 /* ContentView.swift in Sources */ = {isa = PBXBuildFile; fileRef = CB701A532C67077400019344 /* ContentView.swift */; };
		CB701A562C67077600019344 /* Assets.xcassets in Resources */ = {isa = PBXBuildFile; fileRef = CB701A552C67077600019344 /* Assets.xcassets */; };
		CB701A592C67077600019344 /* Preview Assets.xcassets in Resources */ = {isa = PBXBuildFile; fileRef = CB701A582C67077600019344 /* Preview Assets.xcassets */; };
		CB701A5C2C67077600019344 /* WatchApp.app in Embed Watch Content */ = {isa = PBXBuildFile; fileRef = CB701A4F2C67077400019344 /* WatchApp.app */; settings = {ATTRIBUTES = (RemoveHeadersOnCopy, ); }; };
		CB701A622C6707CD00019344 /* AddDashboardView.swift in Sources */ = {isa = PBXBuildFile; fileRef = CB701A612C6707CD00019344 /* AddDashboardView.swift */; };
		CB701A662C6709BE00019344 /* DashboardViewModel.swift in Sources */ = {isa = PBXBuildFile; fileRef = CB701A652C6709BE00019344 /* DashboardViewModel.swift */; };
		CB701A672C670A1D00019344 /* APIResponseModel.swift in Sources */ = {isa = PBXBuildFile; fileRef = CB701A3E2C61B73000019344 /* APIResponseModel.swift */; };
		CB701A682C670A1F00019344 /* RequestHandler.swift in Sources */ = {isa = PBXBuildFile; fileRef = CB9C607F2C5B089100DAE1E3 /* RequestHandler.swift */; };
		CB701A692C670A2100019344 /* Utilities.swift in Sources */ = {isa = PBXBuildFile; fileRef = CB9C60852C5B293100DAE1E3 /* Utilities.swift */; };
		CB701A6B2C67118500019344 /* DashboardDetailView.swift in Sources */ = {isa = PBXBuildFile; fileRef = CB701A6A2C67118500019344 /* DashboardDetailView.swift */; };
		CB701A6D2C6711F700019344 /* SettingView.swift in Sources */ = {isa = PBXBuildFile; fileRef = CB701A6C2C6711F700019344 /* SettingView.swift */; };
		CB701A732C67158600019344 /* ServerDetailView.swift in Sources */ = {isa = PBXBuildFile; fileRef = CB701A722C67158600019344 /* ServerDetailView.swift */; };
		CB9C606B2C5AF76E00DAE1E3 /* NezhaMobileApp.swift in Sources */ = {isa = PBXBuildFile; fileRef = CB9C606A2C5AF76E00DAE1E3 /* NezhaMobileApp.swift */; };
		CB9C606D2C5AF76E00DAE1E3 /* ContentView.swift in Sources */ = {isa = PBXBuildFile; fileRef = CB9C606C2C5AF76E00DAE1E3 /* ContentView.swift */; };
		CB9C60712C5AF76F00DAE1E3 /* Assets.xcassets in Resources */ = {isa = PBXBuildFile; fileRef = CB9C60702C5AF76F00DAE1E3 /* Assets.xcassets */; };
		CB9C60752C5AF76F00DAE1E3 /* Preview Assets.xcassets in Resources */ = {isa = PBXBuildFile; fileRef = CB9C60742C5AF76F00DAE1E3 /* Preview Assets.xcassets */; };
		CB9C607C2C5AF95B00DAE1E3 /* AddDashboardView.swift in Sources */ = {isa = PBXBuildFile; fileRef = CB9C607B2C5AF95B00DAE1E3 /* AddDashboardView.swift */; };
		CB9C607E2C5AFB4E00DAE1E3 /* DashboardDetailView.swift in Sources */ = {isa = PBXBuildFile; fileRef = CB9C607D2C5AFB4E00DAE1E3 /* DashboardDetailView.swift */; };
		CB9C60802C5B089100DAE1E3 /* RequestHandler.swift in Sources */ = {isa = PBXBuildFile; fileRef = CB9C607F2C5B089100DAE1E3 /* RequestHandler.swift */; };
		CB9C60822C5B11D800DAE1E3 /* DashboardViewModel.swift in Sources */ = {isa = PBXBuildFile; fileRef = CB9C60812C5B11D800DAE1E3 /* DashboardViewModel.swift */; };
		CB9C60842C5B1C2300DAE1E3 /* ServerDetailView.swift in Sources */ = {isa = PBXBuildFile; fileRef = CB9C60832C5B1C2300DAE1E3 /* ServerDetailView.swift */; };
		CB9C60862C5B293100DAE1E3 /* Utilities.swift in Sources */ = {isa = PBXBuildFile; fileRef = CB9C60852C5B293100DAE1E3 /* Utilities.swift */; };
		CB9C608A2C5B5CC700DAE1E3 /* SettingView.swift in Sources */ = {isa = PBXBuildFile; fileRef = CB9C60892C5B5CC700DAE1E3 /* SettingView.swift */; };
		CB9C608E2C5B9FC200DAE1E3 /* Localizable.xcstrings in Resources */ = {isa = PBXBuildFile; fileRef = CB9C608D2C5B9FC200DAE1E3 /* Localizable.xcstrings */; };
		CBD2BAE72C683C2B00BA9A36 /* PingChart.swift in Sources */ = {isa = PBXBuildFile; fileRef = CBD2BAE62C683C2B00BA9A36 /* PingChart.swift */; };
		CBD2BAEA2C68890A00BA9A36 /* Zephyr in Frameworks */ = {isa = PBXBuildFile; productRef = CBD2BAE92C68890A00BA9A36 /* Zephyr */; };
		CBD2BAEC2C68891E00BA9A36 /* Zephyr in Frameworks */ = {isa = PBXBuildFile; productRef = CBD2BAEB2C68891E00BA9A36 /* Zephyr */; };
		CBD2BAEE2C68895000BA9A36 /* Zephyr in Frameworks */ = {isa = PBXBuildFile; productRef = CBD2BAED2C68895000BA9A36 /* Zephyr */; };
		CBD2BAF32C68DB2700BA9A36 /* ServerDetailHostView.swift in Sources */ = {isa = PBXBuildFile; fileRef = CBD2BAF22C68DB2700BA9A36 /* ServerDetailHostView.swift */; };
		CBD2BAF52C68DB7800BA9A36 /* GeneralViews.swift in Sources */ = {isa = PBXBuildFile; fileRef = CBD2BAF42C68DB7800BA9A36 /* GeneralViews.swift */; };
		CBD2BAF72C68DBCB00BA9A36 /* ServerDetailStatusView.swift in Sources */ = {isa = PBXBuildFile; fileRef = CBD2BAF62C68DBCB00BA9A36 /* ServerDetailStatusView.swift */; };
		CBD2BAF92C68DC1600BA9A36 /* ServerDetailPingChartView.swift in Sources */ = {isa = PBXBuildFile; fileRef = CBD2BAF82C68DC1600BA9A36 /* ServerDetailPingChartView.swift */; };
/* End PBXBuildFile section */

/* Begin PBXContainerItemProxy section */
		CB701A2D2C5CF93600019344 /* PBXContainerItemProxy */ = {
			isa = PBXContainerItemProxy;
			containerPortal = CB9C605F2C5AF76E00DAE1E3 /* Project object */;
			proxyType = 1;
			remoteGlobalIDString = CB701A1C2C5CF93500019344;
			remoteInfo = WidgetAppExtension;
		};
		CB701A5A2C67077600019344 /* PBXContainerItemProxy */ = {
			isa = PBXContainerItemProxy;
			containerPortal = CB9C605F2C5AF76E00DAE1E3 /* Project object */;
			proxyType = 1;
			remoteGlobalIDString = CB701A4E2C67077400019344;
			remoteInfo = "Watch App Watch App";
		};
/* End PBXContainerItemProxy section */

/* Begin PBXCopyFilesBuildPhase section */
		CB701A332C5CF93600019344 /* Embed Foundation Extensions */ = {
			isa = PBXCopyFilesBuildPhase;
			buildActionMask = 2147483647;
			dstPath = "";
			dstSubfolderSpec = 13;
			files = (
				CB701A2F2C5CF93600019344 /* WidgetAppExtension.appex in Embed Foundation Extensions */,
			);
			name = "Embed Foundation Extensions";
			runOnlyForDeploymentPostprocessing = 0;
		};
		CB701A5D2C67077600019344 /* Embed Watch Content */ = {
			isa = PBXCopyFilesBuildPhase;
			buildActionMask = 2147483647;
			dstPath = "$(CONTENTS_FOLDER_PATH)/Watch";
			dstSubfolderSpec = 16;
			files = (
				CB701A5C2C67077600019344 /* WatchApp.app in Embed Watch Content */,
			);
			name = "Embed Watch Content";
			runOnlyForDeploymentPostprocessing = 0;
		};
/* End PBXCopyFilesBuildPhase section */

/* Begin PBXFileReference section */
		CB701A0E2C5BB47600019344 /* README.md */ = {isa = PBXFileReference; fileEncoding = 4; lastKnownFileType = net.daringfireball.markdown; path = README.md; sourceTree = "<group>"; };
		CB701A102C5BB58D00019344 /* LICENSE */ = {isa = PBXFileReference; lastKnownFileType = text; path = LICENSE; sourceTree = "<group>"; };
		CB701A122C5C5DA500019344 /* CardView.swift */ = {isa = PBXFileReference; fileEncoding = 4; lastKnownFileType = sourcecode.swift; path = CardView.swift; sourceTree = "<group>"; };
		CB701A1D2C5CF93500019344 /* WidgetAppExtension.appex */ = {isa = PBXFileReference; explicitFileType = "wrapper.app-extension"; includeInIndex = 0; path = WidgetAppExtension.appex; sourceTree = BUILT_PRODUCTS_DIR; };
		CB701A1F2C5CF93500019344 /* WidgetKit.framework */ = {isa = PBXFileReference; lastKnownFileType = wrapper.framework; name = WidgetKit.framework; path = System/Library/Frameworks/WidgetKit.framework; sourceTree = SDKROOT; };
		CB701A212C5CF93500019344 /* SwiftUI.framework */ = {isa = PBXFileReference; lastKnownFileType = wrapper.framework; name = SwiftUI.framework; path = System/Library/Frameworks/SwiftUI.framework; sourceTree = SDKROOT; };
		CB701A242C5CF93500019344 /* WidgetAppBundle.swift */ = {isa = PBXFileReference; lastKnownFileType = sourcecode.swift; path = WidgetAppBundle.swift; sourceTree = "<group>"; };
		CB701A262C5CF93500019344 /* WidgetApp.swift */ = {isa = PBXFileReference; lastKnownFileType = sourcecode.swift; path = WidgetApp.swift; sourceTree = "<group>"; };
		CB701A2A2C5CF93600019344 /* Assets.xcassets */ = {isa = PBXFileReference; lastKnownFileType = folder.assetcatalog; path = Assets.xcassets; sourceTree = "<group>"; };
		CB701A2C2C5CF93600019344 /* Info.plist */ = {isa = PBXFileReference; lastKnownFileType = text.plist.xml; path = Info.plist; sourceTree = "<group>"; };
		CB701A342C5CFC9400019344 /* WidgetApp.entitlements */ = {isa = PBXFileReference; lastKnownFileType = text.plist.entitlements; path = WidgetApp.entitlements; sourceTree = "<group>"; };
		CB701A382C5DC9F000019344 /* ViewUtilities.swift */ = {isa = PBXFileReference; lastKnownFileType = sourcecode.swift; path = ViewUtilities.swift; sourceTree = "<group>"; };
		CB701A3A2C5DCFD100019344 /* AppIntent.swift */ = {isa = PBXFileReference; lastKnownFileType = sourcecode.swift; path = AppIntent.swift; sourceTree = "<group>"; };
		CB701A3E2C61B73000019344 /* APIResponseModel.swift */ = {isa = PBXFileReference; lastKnownFileType = sourcecode.swift; path = APIResponseModel.swift; sourceTree = "<group>"; };
		CB701A402C63131F00019344 /* ChangeThemeView.swift */ = {isa = PBXFileReference; lastKnownFileType = sourcecode.swift; path = ChangeThemeView.swift; sourceTree = "<group>"; };
		CB701A4F2C67077400019344 /* WatchApp.app */ = {isa = PBXFileReference; explicitFileType = wrapper.application; includeInIndex = 0; path = WatchApp.app; sourceTree = BUILT_PRODUCTS_DIR; };
		CB701A512C67077400019344 /* WatchApp.swift */ = {isa = PBXFileReference; lastKnownFileType = sourcecode.swift; path = WatchApp.swift; sourceTree = "<group>"; };
		CB701A532C67077400019344 /* ContentView.swift */ = {isa = PBXFileReference; lastKnownFileType = sourcecode.swift; path = ContentView.swift; sourceTree = "<group>"; };
		CB701A552C67077600019344 /* Assets.xcassets */ = {isa = PBXFileReference; lastKnownFileType = folder.assetcatalog; path = Assets.xcassets; sourceTree = "<group>"; };
		CB701A582C67077600019344 /* Preview Assets.xcassets */ = {isa = PBXFileReference; lastKnownFileType = folder.assetcatalog; path = "Preview Assets.xcassets"; sourceTree = "<group>"; };
		CB701A612C6707CD00019344 /* AddDashboardView.swift */ = {isa = PBXFileReference; lastKnownFileType = sourcecode.swift; path = AddDashboardView.swift; sourceTree = "<group>"; };
		CB701A652C6709BE00019344 /* DashboardViewModel.swift */ = {isa = PBXFileReference; lastKnownFileType = sourcecode.swift; path = DashboardViewModel.swift; sourceTree = "<group>"; };
		CB701A6A2C67118500019344 /* DashboardDetailView.swift */ = {isa = PBXFileReference; lastKnownFileType = sourcecode.swift; path = DashboardDetailView.swift; sourceTree = "<group>"; };
		CB701A6C2C6711F700019344 /* SettingView.swift */ = {isa = PBXFileReference; lastKnownFileType = sourcecode.swift; path = SettingView.swift; sourceTree = "<group>"; };
		CB701A6E2C67134900019344 /* WatchApp.entitlements */ = {isa = PBXFileReference; lastKnownFileType = text.plist.entitlements; path = WatchApp.entitlements; sourceTree = "<group>"; };
		CB701A702C6714FC00019344 /* Info.plist */ = {isa = PBXFileReference; fileEncoding = 4; lastKnownFileType = text.plist.xml; name = Info.plist; path = WatchApp/Info.plist; sourceTree = SOURCE_ROOT; };
		CB701A722C67158600019344 /* ServerDetailView.swift */ = {isa = PBXFileReference; lastKnownFileType = sourcecode.swift; path = ServerDetailView.swift; sourceTree = "<group>"; };
		CB701A742C677EEC00019344 /* Info.plist */ = {isa = PBXFileReference; lastKnownFileType = text.plist.xml; name = Info.plist; path = "Nezha Mobile/Info.plist"; sourceTree = SOURCE_ROOT; };
		CB9C60672C5AF76E00DAE1E3 /* Nezha Mobile.app */ = {isa = PBXFileReference; explicitFileType = wrapper.application; includeInIndex = 0; path = "Nezha Mobile.app"; sourceTree = BUILT_PRODUCTS_DIR; };
		CB9C606A2C5AF76E00DAE1E3 /* NezhaMobileApp.swift */ = {isa = PBXFileReference; lastKnownFileType = sourcecode.swift; path = NezhaMobileApp.swift; sourceTree = "<group>"; };
		CB9C606C2C5AF76E00DAE1E3 /* ContentView.swift */ = {isa = PBXFileReference; lastKnownFileType = sourcecode.swift; path = ContentView.swift; sourceTree = "<group>"; };
		CB9C60702C5AF76F00DAE1E3 /* Assets.xcassets */ = {isa = PBXFileReference; lastKnownFileType = folder.assetcatalog; path = Assets.xcassets; sourceTree = "<group>"; };
		CB9C60722C5AF76F00DAE1E3 /* Nezha Mobile.entitlements */ = {isa = PBXFileReference; lastKnownFileType = text.plist.entitlements; path = "Nezha Mobile.entitlements"; sourceTree = "<group>"; };
		CB9C60742C5AF76F00DAE1E3 /* Preview Assets.xcassets */ = {isa = PBXFileReference; lastKnownFileType = folder.assetcatalog; path = "Preview Assets.xcassets"; sourceTree = "<group>"; };
		CB9C607B2C5AF95B00DAE1E3 /* AddDashboardView.swift */ = {isa = PBXFileReference; lastKnownFileType = sourcecode.swift; path = AddDashboardView.swift; sourceTree = "<group>"; };
		CB9C607D2C5AFB4E00DAE1E3 /* DashboardDetailView.swift */ = {isa = PBXFileReference; lastKnownFileType = sourcecode.swift; path = DashboardDetailView.swift; sourceTree = "<group>"; };
		CB9C607F2C5B089100DAE1E3 /* RequestHandler.swift */ = {isa = PBXFileReference; lastKnownFileType = sourcecode.swift; path = RequestHandler.swift; sourceTree = "<group>"; };
		CB9C60812C5B11D800DAE1E3 /* DashboardViewModel.swift */ = {isa = PBXFileReference; lastKnownFileType = sourcecode.swift; path = DashboardViewModel.swift; sourceTree = "<group>"; };
		CB9C60832C5B1C2300DAE1E3 /* ServerDetailView.swift */ = {isa = PBXFileReference; lastKnownFileType = sourcecode.swift; path = ServerDetailView.swift; sourceTree = "<group>"; };
		CB9C60852C5B293100DAE1E3 /* Utilities.swift */ = {isa = PBXFileReference; lastKnownFileType = sourcecode.swift; path = Utilities.swift; sourceTree = "<group>"; };
		CB9C60892C5B5CC700DAE1E3 /* SettingView.swift */ = {isa = PBXFileReference; lastKnownFileType = sourcecode.swift; path = SettingView.swift; sourceTree = "<group>"; };
		CB9C608D2C5B9FC200DAE1E3 /* Localizable.xcstrings */ = {isa = PBXFileReference; lastKnownFileType = text.json.xcstrings; path = Localizable.xcstrings; sourceTree = "<group>"; };
		CBD2BAE62C683C2B00BA9A36 /* PingChart.swift */ = {isa = PBXFileReference; lastKnownFileType = sourcecode.swift; path = PingChart.swift; sourceTree = "<group>"; };
		CBD2BAF22C68DB2700BA9A36 /* ServerDetailHostView.swift */ = {isa = PBXFileReference; lastKnownFileType = sourcecode.swift; path = ServerDetailHostView.swift; sourceTree = "<group>"; };
		CBD2BAF42C68DB7800BA9A36 /* GeneralViews.swift */ = {isa = PBXFileReference; lastKnownFileType = sourcecode.swift; path = GeneralViews.swift; sourceTree = "<group>"; };
		CBD2BAF62C68DBCB00BA9A36 /* ServerDetailStatusView.swift */ = {isa = PBXFileReference; lastKnownFileType = sourcecode.swift; path = ServerDetailStatusView.swift; sourceTree = "<group>"; };
		CBD2BAF82C68DC1600BA9A36 /* ServerDetailPingChartView.swift */ = {isa = PBXFileReference; lastKnownFileType = sourcecode.swift; path = ServerDetailPingChartView.swift; sourceTree = "<group>"; };
/* End PBXFileReference section */

/* Begin PBXFrameworksBuildPhase section */
		CB701A1A2C5CF93500019344 /* Frameworks */ = {
			isa = PBXFrameworksBuildPhase;
			buildActionMask = 2147483647;
			files = (
				CB701A222C5CF93500019344 /* SwiftUI.framework in Frameworks */,
				CBD2BAEE2C68895000BA9A36 /* Zephyr in Frameworks */,
				CB701A202C5CF93500019344 /* WidgetKit.framework in Frameworks */,
			);
			runOnlyForDeploymentPostprocessing = 0;
		};
		CB701A4C2C67077400019344 /* Frameworks */ = {
			isa = PBXFrameworksBuildPhase;
			buildActionMask = 2147483647;
			files = (
				CBD2BAEC2C68891E00BA9A36 /* Zephyr in Frameworks */,
			);
			runOnlyForDeploymentPostprocessing = 0;
		};
		CB9C60642C5AF76E00DAE1E3 /* Frameworks */ = {
			isa = PBXFrameworksBuildPhase;
			buildActionMask = 2147483647;
			files = (
				CBD2BAEA2C68890A00BA9A36 /* Zephyr in Frameworks */,
			);
			runOnlyForDeploymentPostprocessing = 0;
		};
/* End PBXFrameworksBuildPhase section */

/* Begin PBXGroup section */
		CB701A142C5C98B900019344 /* Utilities */ = {
			isa = PBXGroup;
			children = (
				CB701A382C5DC9F000019344 /* ViewUtilities.swift */,
			);
			path = Utilities;
			sourceTree = "<group>";
		};
		CB701A1E2C5CF93500019344 /* Frameworks */ = {
			isa = PBXGroup;
			children = (
				CB701A1F2C5CF93500019344 /* WidgetKit.framework */,
				CB701A212C5CF93500019344 /* SwiftUI.framework */,
			);
			name = Frameworks;
			sourceTree = "<group>";
		};
		CB701A232C5CF93500019344 /* WidgetApp */ = {
			isa = PBXGroup;
			children = (
				CB701A242C5CF93500019344 /* WidgetAppBundle.swift */,
				CB701A262C5CF93500019344 /* WidgetApp.swift */,
				CB701A3A2C5DCFD100019344 /* AppIntent.swift */,
				CB701A2A2C5CF93600019344 /* Assets.xcassets */,
				CB701A2C2C5CF93600019344 /* Info.plist */,
				CB701A342C5CFC9400019344 /* WidgetApp.entitlements */,
			);
			path = WidgetApp;
			sourceTree = "<group>";
		};
		CB701A502C67077400019344 /* WatchApp */ = {
			isa = PBXGroup;
			children = (
				CB701A512C67077400019344 /* WatchApp.swift */,
				CB701A632C67099300019344 /* View */,
				CB701A642C67099D00019344 /* ViewModel */,
				CB701A552C67077600019344 /* Assets.xcassets */,
				CB701A702C6714FC00019344 /* Info.plist */,
				CB701A6E2C67134900019344 /* WatchApp.entitlements */,
				CB701A572C67077600019344 /* Preview Content */,
			);
			path = WatchApp;
			sourceTree = "<group>";
		};
		CB701A572C67077600019344 /* Preview Content */ = {
			isa = PBXGroup;
			children = (
				CB701A582C67077600019344 /* Preview Assets.xcassets */,
			);
			path = "Preview Content";
			sourceTree = "<group>";
		};
		CB701A632C67099300019344 /* View */ = {
			isa = PBXGroup;
			children = (
				CB701A532C67077400019344 /* ContentView.swift */,
				CB701A612C6707CD00019344 /* AddDashboardView.swift */,
				CB701A6A2C67118500019344 /* DashboardDetailView.swift */,
				CB701A722C67158600019344 /* ServerDetailView.swift */,
				CB701A6C2C6711F700019344 /* SettingView.swift */,
			);
			path = View;
			sourceTree = "<group>";
		};
		CB701A642C67099D00019344 /* ViewModel */ = {
			isa = PBXGroup;
			children = (
				CB701A652C6709BE00019344 /* DashboardViewModel.swift */,
			);
			path = ViewModel;
			sourceTree = "<group>";
		};
		CB9C605E2C5AF76E00DAE1E3 = {
			isa = PBXGroup;
			children = (
				CB701A102C5BB58D00019344 /* LICENSE */,
				CB701A0E2C5BB47600019344 /* README.md */,
				CB9C608D2C5B9FC200DAE1E3 /* Localizable.xcstrings */,
				CB701A3E2C61B73000019344 /* APIResponseModel.swift */,
				CB9C607F2C5B089100DAE1E3 /* RequestHandler.swift */,
				CB9C60852C5B293100DAE1E3 /* Utilities.swift */,
				CB9C60692C5AF76E00DAE1E3 /* Nezha Mobile */,
				CB701A232C5CF93500019344 /* WidgetApp */,
				CB701A502C67077400019344 /* WatchApp */,
				CB701A1E2C5CF93500019344 /* Frameworks */,
				CB9C60682C5AF76E00DAE1E3 /* Products */,
			);
			sourceTree = "<group>";
		};
		CB9C60682C5AF76E00DAE1E3 /* Products */ = {
			isa = PBXGroup;
			children = (
				CB9C60672C5AF76E00DAE1E3 /* Nezha Mobile.app */,
				CB701A1D2C5CF93500019344 /* WidgetAppExtension.appex */,
				CB701A4F2C67077400019344 /* WatchApp.app */,
			);
			name = Products;
			sourceTree = "<group>";
		};
		CB9C60692C5AF76E00DAE1E3 /* Nezha Mobile */ = {
			isa = PBXGroup;
			children = (
				CB9C606A2C5AF76E00DAE1E3 /* NezhaMobileApp.swift */,
				CB9C60872C5B5C9100DAE1E3 /* View */,
				CB9C60882C5B5CAA00DAE1E3 /* ViewModel */,
				CB701A142C5C98B900019344 /* Utilities */,
				CB9C60702C5AF76F00DAE1E3 /* Assets.xcassets */,
				CB701A742C677EEC00019344 /* Info.plist */,
				CB9C60722C5AF76F00DAE1E3 /* Nezha Mobile.entitlements */,
				CB9C60732C5AF76F00DAE1E3 /* Preview Content */,
			);
			path = "Nezha Mobile";
			sourceTree = "<group>";
		};
		CB9C60732C5AF76F00DAE1E3 /* Preview Content */ = {
			isa = PBXGroup;
			children = (
				CB9C60742C5AF76F00DAE1E3 /* Preview Assets.xcassets */,
			);
			path = "Preview Content";
			sourceTree = "<group>";
		};
		CB9C60872C5B5C9100DAE1E3 /* View */ = {
			isa = PBXGroup;
			children = (
				CB9C606C2C5AF76E00DAE1E3 /* ContentView.swift */,
				CB9C607B2C5AF95B00DAE1E3 /* AddDashboardView.swift */,
				CB9C607D2C5AFB4E00DAE1E3 /* DashboardDetailView.swift */,
				CB701A122C5C5DA500019344 /* CardView.swift */,
				CBD2BAF12C68DB0700BA9A36 /* ServerDetail */,
				CB9C60892C5B5CC700DAE1E3 /* SettingView.swift */,
				CB701A402C63131F00019344 /* ChangeThemeView.swift */,
				CBD2BAF42C68DB7800BA9A36 /* GeneralViews.swift */,
			);
			path = View;
			sourceTree = "<group>";
		};
		CB9C60882C5B5CAA00DAE1E3 /* ViewModel */ = {
			isa = PBXGroup;
			children = (
				CB9C60812C5B11D800DAE1E3 /* DashboardViewModel.swift */,
			);
			path = ViewModel;
			sourceTree = "<group>";
		};
		CBD2BAF12C68DB0700BA9A36 /* ServerDetail */ = {
			isa = PBXGroup;
			children = (
				CB9C60832C5B1C2300DAE1E3 /* ServerDetailView.swift */,
				CBD2BAF22C68DB2700BA9A36 /* ServerDetailHostView.swift */,
				CBD2BAF62C68DBCB00BA9A36 /* ServerDetailStatusView.swift */,
				CBD2BAF82C68DC1600BA9A36 /* ServerDetailPingChartView.swift */,
				CBD2BAE62C683C2B00BA9A36 /* PingChart.swift */,
			);
			path = ServerDetail;
			sourceTree = "<group>";
		};
/* End PBXGroup section */

/* Begin PBXNativeTarget section */
		CB701A1C2C5CF93500019344 /* WidgetAppExtension */ = {
			isa = PBXNativeTarget;
			buildConfigurationList = CB701A302C5CF93600019344 /* Build configuration list for PBXNativeTarget "WidgetAppExtension" */;
			buildPhases = (
				CB701A192C5CF93500019344 /* Sources */,
				CB701A1A2C5CF93500019344 /* Frameworks */,
				CB701A1B2C5CF93500019344 /* Resources */,
			);
			buildRules = (
			);
			dependencies = (
			);
			name = WidgetAppExtension;
			packageProductDependencies = (
				CBD2BAED2C68895000BA9A36 /* Zephyr */,
			);
			productName = WidgetAppExtension;
			productReference = CB701A1D2C5CF93500019344 /* WidgetAppExtension.appex */;
			productType = "com.apple.product-type.app-extension";
		};
		CB701A4E2C67077400019344 /* WatchApp */ = {
			isa = PBXNativeTarget;
			buildConfigurationList = CB701A602C67077600019344 /* Build configuration list for PBXNativeTarget "WatchApp" */;
			buildPhases = (
				CB701A4B2C67077400019344 /* Sources */,
				CB701A4C2C67077400019344 /* Frameworks */,
				CB701A4D2C67077400019344 /* Resources */,
			);
			buildRules = (
			);
			dependencies = (
			);
			name = WatchApp;
			packageProductDependencies = (
				CBD2BAEB2C68891E00BA9A36 /* Zephyr */,
			);
			productName = "Watch App Watch App";
			productReference = CB701A4F2C67077400019344 /* WatchApp.app */;
			productType = "com.apple.product-type.application";
		};
		CB9C60662C5AF76E00DAE1E3 /* Nezha Mobile */ = {
			isa = PBXNativeTarget;
			buildConfigurationList = CB9C60782C5AF76F00DAE1E3 /* Build configuration list for PBXNativeTarget "Nezha Mobile" */;
			buildPhases = (
				CB9C60632C5AF76E00DAE1E3 /* Sources */,
				CB9C60642C5AF76E00DAE1E3 /* Frameworks */,
				CB9C60652C5AF76E00DAE1E3 /* Resources */,
				CB701A332C5CF93600019344 /* Embed Foundation Extensions */,
				CB701A5D2C67077600019344 /* Embed Watch Content */,
			);
			buildRules = (
			);
			dependencies = (
				CB701A2E2C5CF93600019344 /* PBXTargetDependency */,
				CB701A5B2C67077600019344 /* PBXTargetDependency */,
			);
			name = "Nezha Mobile";
			packageProductDependencies = (
				CBD2BAE92C68890A00BA9A36 /* Zephyr */,
			);
			productName = "Nezha Mobile";
			productReference = CB9C60672C5AF76E00DAE1E3 /* Nezha Mobile.app */;
			productType = "com.apple.product-type.application";
		};
/* End PBXNativeTarget section */

/* Begin PBXProject section */
		CB9C605F2C5AF76E00DAE1E3 /* Project object */ = {
			isa = PBXProject;
			attributes = {
				BuildIndependentTargetsInParallel = 1;
				LastSwiftUpdateCheck = 1540;
				LastUpgradeCheck = 1540;
				TargetAttributes = {
					CB701A1C2C5CF93500019344 = {
						CreatedOnToolsVersion = 15.4;
					};
					CB701A4E2C67077400019344 = {
						CreatedOnToolsVersion = 15.4;
					};
					CB9C60662C5AF76E00DAE1E3 = {
						CreatedOnToolsVersion = 15.4;
					};
				};
			};
			buildConfigurationList = CB9C60622C5AF76E00DAE1E3 /* Build configuration list for PBXProject "Nezha Mobile" */;
			compatibilityVersion = "Xcode 14.0";
			developmentRegion = en;
			hasScannedForEncodings = 0;
			knownRegions = (
				en,
				Base,
				"zh-Hans",
			);
			mainGroup = CB9C605E2C5AF76E00DAE1E3;
			packageReferences = (
				CBD2BAE82C68890A00BA9A36 /* XCRemoteSwiftPackageReference "Zephyr" */,
			);
			productRefGroup = CB9C60682C5AF76E00DAE1E3 /* Products */;
			projectDirPath = "";
			projectRoot = "";
			targets = (
				CB9C60662C5AF76E00DAE1E3 /* Nezha Mobile */,
				CB701A1C2C5CF93500019344 /* WidgetAppExtension */,
				CB701A4E2C67077400019344 /* WatchApp */,
			);
		};
/* End PBXProject section */

/* Begin PBXResourcesBuildPhase section */
		CB701A1B2C5CF93500019344 /* Resources */ = {
			isa = PBXResourcesBuildPhase;
			buildActionMask = 2147483647;
			files = (
				CB701A3D2C5DE13F00019344 /* Localizable.xcstrings in Resources */,
				CB701A2B2C5CF93600019344 /* Assets.xcassets in Resources */,
			);
			runOnlyForDeploymentPostprocessing = 0;
		};
		CB701A4D2C67077400019344 /* Resources */ = {
			isa = PBXResourcesBuildPhase;
			buildActionMask = 2147483647;
			files = (
				CB701A592C67077600019344 /* Preview Assets.xcassets in Resources */,
				CB701A562C67077600019344 /* Assets.xcassets in Resources */,
			);
			runOnlyForDeploymentPostprocessing = 0;
		};
		CB9C60652C5AF76E00DAE1E3 /* Resources */ = {
			isa = PBXResourcesBuildPhase;
			buildActionMask = 2147483647;
			files = (
				CB9C60752C5AF76F00DAE1E3 /* Preview Assets.xcassets in Resources */,
				CB9C60712C5AF76F00DAE1E3 /* Assets.xcassets in Resources */,
				CB701A0F2C5BB47600019344 /* README.md in Resources */,
				CB9C608E2C5B9FC200DAE1E3 /* Localizable.xcstrings in Resources */,
				CB701A112C5BB58D00019344 /* LICENSE in Resources */,
			);
			runOnlyForDeploymentPostprocessing = 0;
		};
/* End PBXResourcesBuildPhase section */

/* Begin PBXSourcesBuildPhase section */
		CB701A192C5CF93500019344 /* Sources */ = {
			isa = PBXSourcesBuildPhase;
			buildActionMask = 2147483647;
			files = (
				CB701A252C5CF93500019344 /* WidgetAppBundle.swift in Sources */,
				CB701A422C631D4400019344 /* APIResponseModel.swift in Sources */,
				CB701A432C631D8A00019344 /* RequestHandler.swift in Sources */,
				CB701A3B2C5DCFD100019344 /* AppIntent.swift in Sources */,
				CB701A372C5DC9B400019344 /* Utilities.swift in Sources */,
				CB701A3C2C5DD5DD00019344 /* WidgetApp.swift in Sources */,
			);
			runOnlyForDeploymentPostprocessing = 0;
		};
		CB701A4B2C67077400019344 /* Sources */ = {
			isa = PBXSourcesBuildPhase;
			buildActionMask = 2147483647;
			files = (
				CB701A732C67158600019344 /* ServerDetailView.swift in Sources */,
				CB701A542C67077400019344 /* ContentView.swift in Sources */,
				CB701A622C6707CD00019344 /* AddDashboardView.swift in Sources */,
				CB701A6B2C67118500019344 /* DashboardDetailView.swift in Sources */,
				CB701A6D2C6711F700019344 /* SettingView.swift in Sources */,
				CB701A692C670A2100019344 /* Utilities.swift in Sources */,
				CB701A682C670A1F00019344 /* RequestHandler.swift in Sources */,
				CB701A522C67077400019344 /* WatchApp.swift in Sources */,
				CB701A672C670A1D00019344 /* APIResponseModel.swift in Sources */,
				CB701A662C6709BE00019344 /* DashboardViewModel.swift in Sources */,
			);
			runOnlyForDeploymentPostprocessing = 0;
		};
		CB9C60632C5AF76E00DAE1E3 /* Sources */ = {
			isa = PBXSourcesBuildPhase;
			buildActionMask = 2147483647;
			files = (
				CB701A3F2C61B73000019344 /* APIResponseModel.swift in Sources */,
				CB701A132C5C5DA500019344 /* CardView.swift in Sources */,
				CB9C607E2C5AFB4E00DAE1E3 /* DashboardDetailView.swift in Sources */,
				CB9C608A2C5B5CC700DAE1E3 /* SettingView.swift in Sources */,
				CB9C606D2C5AF76E00DAE1E3 /* ContentView.swift in Sources */,
				CB701A412C63131F00019344 /* ChangeThemeView.swift in Sources */,
				CB9C607C2C5AF95B00DAE1E3 /* AddDashboardView.swift in Sources */,
				CB9C60802C5B089100DAE1E3 /* RequestHandler.swift in Sources */,
				CB701A392C5DC9F000019344 /* ViewUtilities.swift in Sources */,
				CBD2BAF92C68DC1600BA9A36 /* ServerDetailPingChartView.swift in Sources */,
				CBD2BAF52C68DB7800BA9A36 /* GeneralViews.swift in Sources */,
				CB9C606B2C5AF76E00DAE1E3 /* NezhaMobileApp.swift in Sources */,
				CBD2BAF32C68DB2700BA9A36 /* ServerDetailHostView.swift in Sources */,
				CBD2BAE72C683C2B00BA9A36 /* PingChart.swift in Sources */,
				CB9C60862C5B293100DAE1E3 /* Utilities.swift in Sources */,
				CB9C60842C5B1C2300DAE1E3 /* ServerDetailView.swift in Sources */,
				CBD2BAF72C68DBCB00BA9A36 /* ServerDetailStatusView.swift in Sources */,
				CB9C60822C5B11D800DAE1E3 /* DashboardViewModel.swift in Sources */,
			);
			runOnlyForDeploymentPostprocessing = 0;
		};
/* End PBXSourcesBuildPhase section */

/* Begin PBXTargetDependency section */
		CB701A2E2C5CF93600019344 /* PBXTargetDependency */ = {
			isa = PBXTargetDependency;
			target = CB701A1C2C5CF93500019344 /* WidgetAppExtension */;
			targetProxy = CB701A2D2C5CF93600019344 /* PBXContainerItemProxy */;
		};
		CB701A5B2C67077600019344 /* PBXTargetDependency */ = {
			isa = PBXTargetDependency;
			target = CB701A4E2C67077400019344 /* WatchApp */;
			targetProxy = CB701A5A2C67077600019344 /* PBXContainerItemProxy */;
		};
/* End PBXTargetDependency section */

/* Begin XCBuildConfiguration section */
		CB701A312C5CF93600019344 /* Debug */ = {
			isa = XCBuildConfiguration;
			buildSettings = {
				ASSETCATALOG_COMPILER_GLOBAL_ACCENT_COLOR_NAME = AccentColor;
				ASSETCATALOG_COMPILER_WIDGET_BACKGROUND_COLOR_NAME = WidgetBackground;
				CODE_SIGN_ENTITLEMENTS = WidgetApp/WidgetApp.entitlements;
				CODE_SIGN_STYLE = Automatic;
				CURRENT_PROJECT_VERSION = 25;
				DEVELOPMENT_TEAM = C7AS5D38Q8;
				GENERATE_INFOPLIST_FILE = YES;
				INFOPLIST_FILE = WidgetApp/Info.plist;
				INFOPLIST_KEY_CFBundleDisplayName = WidgetApp;
				INFOPLIST_KEY_NSHumanReadableCopyright = "";
				IPHONEOS_DEPLOYMENT_TARGET = 17.0;
				LD_RUNPATH_SEARCH_PATHS = (
					"$(inherited)",
					"@executable_path/Frameworks",
					"@executable_path/../../Frameworks",
				);
				MARKETING_VERSION = 1.3;
				PRODUCT_BUNDLE_IDENTIFIER = "com.argsment.Nezha-Mobile.WidgetApp";
				PRODUCT_NAME = "$(TARGET_NAME)";
				SDKROOT = iphoneos;
				SKIP_INSTALL = YES;
				SWIFT_EMIT_LOC_STRINGS = YES;
				SWIFT_VERSION = 5.0;
				TARGETED_DEVICE_FAMILY = "1,2";
			};
			name = Debug;
		};
		CB701A322C5CF93600019344 /* Release */ = {
			isa = XCBuildConfiguration;
			buildSettings = {
				ASSETCATALOG_COMPILER_GLOBAL_ACCENT_COLOR_NAME = AccentColor;
				ASSETCATALOG_COMPILER_WIDGET_BACKGROUND_COLOR_NAME = WidgetBackground;
				CODE_SIGN_ENTITLEMENTS = WidgetApp/WidgetApp.entitlements;
				CODE_SIGN_STYLE = Automatic;
				CURRENT_PROJECT_VERSION = 25;
				DEVELOPMENT_TEAM = C7AS5D38Q8;
				GENERATE_INFOPLIST_FILE = YES;
				INFOPLIST_FILE = WidgetApp/Info.plist;
				INFOPLIST_KEY_CFBundleDisplayName = WidgetApp;
				INFOPLIST_KEY_NSHumanReadableCopyright = "";
				IPHONEOS_DEPLOYMENT_TARGET = 17.0;
				LD_RUNPATH_SEARCH_PATHS = (
					"$(inherited)",
					"@executable_path/Frameworks",
					"@executable_path/../../Frameworks",
				);
				MARKETING_VERSION = 1.3;
				PRODUCT_BUNDLE_IDENTIFIER = "com.argsment.Nezha-Mobile.WidgetApp";
				PRODUCT_NAME = "$(TARGET_NAME)";
				SDKROOT = iphoneos;
				SKIP_INSTALL = YES;
				SWIFT_EMIT_LOC_STRINGS = YES;
				SWIFT_VERSION = 5.0;
				TARGETED_DEVICE_FAMILY = "1,2";
				VALIDATE_PRODUCT = YES;
			};
			name = Release;
		};
		CB701A5E2C67077600019344 /* Debug */ = {
			isa = XCBuildConfiguration;
			buildSettings = {
				ASSETCATALOG_COMPILER_APPICON_NAME = AppIcon;
				ASSETCATALOG_COMPILER_GLOBAL_ACCENT_COLOR_NAME = AccentColor;
				CODE_SIGN_ENTITLEMENTS = WatchApp/WatchApp.entitlements;
				CODE_SIGN_STYLE = Automatic;
				CURRENT_PROJECT_VERSION = 25;
				DEVELOPMENT_ASSET_PATHS = "\"WatchApp/Preview Content\"";
				DEVELOPMENT_TEAM = C7AS5D38Q8;
				ENABLE_PREVIEWS = YES;
				GENERATE_INFOPLIST_FILE = YES;
				INFOPLIST_FILE = WatchApp/Info.plist;
				INFOPLIST_KEY_CFBundleDisplayName = Nezha;
				INFOPLIST_KEY_UISupportedInterfaceOrientations = "UIInterfaceOrientationPortrait UIInterfaceOrientationPortraitUpsideDown";
				INFOPLIST_KEY_WKCompanionAppBundleIdentifier = "com.argsment.Nezha-Mobile";
				INFOPLIST_KEY_WKRunsIndependentlyOfCompanionApp = YES;
				LD_RUNPATH_SEARCH_PATHS = (
					"$(inherited)",
					"@executable_path/Frameworks",
				);
				MARKETING_VERSION = 1.3;
				PRODUCT_BUNDLE_IDENTIFIER = "com.argsment.Nezha-Mobile.watchkitapp";
				PRODUCT_NAME = "$(TARGET_NAME)";
				SDKROOT = watchos;
				SKIP_INSTALL = YES;
				SWIFT_EMIT_LOC_STRINGS = YES;
				SWIFT_VERSION = 5.0;
				TARGETED_DEVICE_FAMILY = 4;
				WATCHOS_DEPLOYMENT_TARGET = 9.0;
			};
			name = Debug;
		};
		CB701A5F2C67077600019344 /* Release */ = {
			isa = XCBuildConfiguration;
			buildSettings = {
				ASSETCATALOG_COMPILER_APPICON_NAME = AppIcon;
				ASSETCATALOG_COMPILER_GLOBAL_ACCENT_COLOR_NAME = AccentColor;
				CODE_SIGN_ENTITLEMENTS = WatchApp/WatchApp.entitlements;
				CODE_SIGN_STYLE = Automatic;
				CURRENT_PROJECT_VERSION = 25;
				DEVELOPMENT_ASSET_PATHS = "\"WatchApp/Preview Content\"";
				DEVELOPMENT_TEAM = C7AS5D38Q8;
				ENABLE_PREVIEWS = YES;
				GENERATE_INFOPLIST_FILE = YES;
				INFOPLIST_FILE = WatchApp/Info.plist;
				INFOPLIST_KEY_CFBundleDisplayName = Nezha;
				INFOPLIST_KEY_UISupportedInterfaceOrientations = "UIInterfaceOrientationPortrait UIInterfaceOrientationPortraitUpsideDown";
				INFOPLIST_KEY_WKCompanionAppBundleIdentifier = "com.argsment.Nezha-Mobile";
				INFOPLIST_KEY_WKRunsIndependentlyOfCompanionApp = YES;
				LD_RUNPATH_SEARCH_PATHS = (
					"$(inherited)",
					"@executable_path/Frameworks",
				);
				MARKETING_VERSION = 1.3;
				PRODUCT_BUNDLE_IDENTIFIER = "com.argsment.Nezha-Mobile.watchkitapp";
				PRODUCT_NAME = "$(TARGET_NAME)";
				SDKROOT = watchos;
				SKIP_INSTALL = YES;
				SWIFT_EMIT_LOC_STRINGS = YES;
				SWIFT_VERSION = 5.0;
				TARGETED_DEVICE_FAMILY = 4;
				VALIDATE_PRODUCT = YES;
				WATCHOS_DEPLOYMENT_TARGET = 9.0;
			};
			name = Release;
		};
		CB9C60762C5AF76F00DAE1E3 /* Debug */ = {
			isa = XCBuildConfiguration;
			buildSettings = {
				ALWAYS_SEARCH_USER_PATHS = NO;
				ASSETCATALOG_COMPILER_GENERATE_SWIFT_ASSET_SYMBOL_EXTENSIONS = YES;
				CLANG_ANALYZER_NONNULL = YES;
				CLANG_ANALYZER_NUMBER_OBJECT_CONVERSION = YES_AGGRESSIVE;
				CLANG_CXX_LANGUAGE_STANDARD = "gnu++20";
				CLANG_ENABLE_MODULES = YES;
				CLANG_ENABLE_OBJC_ARC = YES;
				CLANG_ENABLE_OBJC_WEAK = YES;
				CLANG_WARN_BLOCK_CAPTURE_AUTORELEASING = YES;
				CLANG_WARN_BOOL_CONVERSION = YES;
				CLANG_WARN_COMMA = YES;
				CLANG_WARN_CONSTANT_CONVERSION = YES;
				CLANG_WARN_DEPRECATED_OBJC_IMPLEMENTATIONS = YES;
				CLANG_WARN_DIRECT_OBJC_ISA_USAGE = YES_ERROR;
				CLANG_WARN_DOCUMENTATION_COMMENTS = YES;
				CLANG_WARN_EMPTY_BODY = YES;
				CLANG_WARN_ENUM_CONVERSION = YES;
				CLANG_WARN_INFINITE_RECURSION = YES;
				CLANG_WARN_INT_CONVERSION = YES;
				CLANG_WARN_NON_LITERAL_NULL_CONVERSION = YES;
				CLANG_WARN_OBJC_IMPLICIT_RETAIN_SELF = YES;
				CLANG_WARN_OBJC_LITERAL_CONVERSION = YES;
				CLANG_WARN_OBJC_ROOT_CLASS = YES_ERROR;
				CLANG_WARN_QUOTED_INCLUDE_IN_FRAMEWORK_HEADER = YES;
				CLANG_WARN_RANGE_LOOP_ANALYSIS = YES;
				CLANG_WARN_STRICT_PROTOTYPES = YES;
				CLANG_WARN_SUSPICIOUS_MOVE = YES;
				CLANG_WARN_UNGUARDED_AVAILABILITY = YES_AGGRESSIVE;
				CLANG_WARN_UNREACHABLE_CODE = YES;
				CLANG_WARN__DUPLICATE_METHOD_MATCH = YES;
				COPY_PHASE_STRIP = NO;
				DEBUG_INFORMATION_FORMAT = dwarf;
				ENABLE_STRICT_OBJC_MSGSEND = YES;
				ENABLE_TESTABILITY = YES;
				ENABLE_USER_SCRIPT_SANDBOXING = YES;
				GCC_C_LANGUAGE_STANDARD = gnu17;
				GCC_DYNAMIC_NO_PIC = NO;
				GCC_NO_COMMON_BLOCKS = YES;
				GCC_OPTIMIZATION_LEVEL = 0;
				GCC_PREPROCESSOR_DEFINITIONS = (
					"DEBUG=1",
					"$(inherited)",
				);
				GCC_WARN_64_TO_32_BIT_CONVERSION = YES;
				GCC_WARN_ABOUT_RETURN_TYPE = YES_ERROR;
				GCC_WARN_UNDECLARED_SELECTOR = YES;
				GCC_WARN_UNINITIALIZED_AUTOS = YES_AGGRESSIVE;
				GCC_WARN_UNUSED_FUNCTION = YES;
				GCC_WARN_UNUSED_VARIABLE = YES;
				LOCALIZATION_PREFERS_STRING_CATALOGS = YES;
				MTL_ENABLE_DEBUG_INFO = INCLUDE_SOURCE;
				MTL_FAST_MATH = YES;
				ONLY_ACTIVE_ARCH = YES;
				SWIFT_ACTIVE_COMPILATION_CONDITIONS = "DEBUG $(inherited)";
				SWIFT_OPTIMIZATION_LEVEL = "-Onone";
			};
			name = Debug;
		};
		CB9C60772C5AF76F00DAE1E3 /* Release */ = {
			isa = XCBuildConfiguration;
			buildSettings = {
				ALWAYS_SEARCH_USER_PATHS = NO;
				ASSETCATALOG_COMPILER_GENERATE_SWIFT_ASSET_SYMBOL_EXTENSIONS = YES;
				CLANG_ANALYZER_NONNULL = YES;
				CLANG_ANALYZER_NUMBER_OBJECT_CONVERSION = YES_AGGRESSIVE;
				CLANG_CXX_LANGUAGE_STANDARD = "gnu++20";
				CLANG_ENABLE_MODULES = YES;
				CLANG_ENABLE_OBJC_ARC = YES;
				CLANG_ENABLE_OBJC_WEAK = YES;
				CLANG_WARN_BLOCK_CAPTURE_AUTORELEASING = YES;
				CLANG_WARN_BOOL_CONVERSION = YES;
				CLANG_WARN_COMMA = YES;
				CLANG_WARN_CONSTANT_CONVERSION = YES;
				CLANG_WARN_DEPRECATED_OBJC_IMPLEMENTATIONS = YES;
				CLANG_WARN_DIRECT_OBJC_ISA_USAGE = YES_ERROR;
				CLANG_WARN_DOCUMENTATION_COMMENTS = YES;
				CLANG_WARN_EMPTY_BODY = YES;
				CLANG_WARN_ENUM_CONVERSION = YES;
				CLANG_WARN_INFINITE_RECURSION = YES;
				CLANG_WARN_INT_CONVERSION = YES;
				CLANG_WARN_NON_LITERAL_NULL_CONVERSION = YES;
				CLANG_WARN_OBJC_IMPLICIT_RETAIN_SELF = YES;
				CLANG_WARN_OBJC_LITERAL_CONVERSION = YES;
				CLANG_WARN_OBJC_ROOT_CLASS = YES_ERROR;
				CLANG_WARN_QUOTED_INCLUDE_IN_FRAMEWORK_HEADER = YES;
				CLANG_WARN_RANGE_LOOP_ANALYSIS = YES;
				CLANG_WARN_STRICT_PROTOTYPES = YES;
				CLANG_WARN_SUSPICIOUS_MOVE = YES;
				CLANG_WARN_UNGUARDED_AVAILABILITY = YES_AGGRESSIVE;
				CLANG_WARN_UNREACHABLE_CODE = YES;
				CLANG_WARN__DUPLICATE_METHOD_MATCH = YES;
				COPY_PHASE_STRIP = NO;
				DEBUG_INFORMATION_FORMAT = "dwarf-with-dsym";
				ENABLE_NS_ASSERTIONS = NO;
				ENABLE_STRICT_OBJC_MSGSEND = YES;
				ENABLE_USER_SCRIPT_SANDBOXING = YES;
				GCC_C_LANGUAGE_STANDARD = gnu17;
				GCC_NO_COMMON_BLOCKS = YES;
				GCC_WARN_64_TO_32_BIT_CONVERSION = YES;
				GCC_WARN_ABOUT_RETURN_TYPE = YES_ERROR;
				GCC_WARN_UNDECLARED_SELECTOR = YES;
				GCC_WARN_UNINITIALIZED_AUTOS = YES_AGGRESSIVE;
				GCC_WARN_UNUSED_FUNCTION = YES;
				GCC_WARN_UNUSED_VARIABLE = YES;
				LOCALIZATION_PREFERS_STRING_CATALOGS = YES;
				MTL_ENABLE_DEBUG_INFO = NO;
				MTL_FAST_MATH = YES;
				SWIFT_COMPILATION_MODE = wholemodule;
			};
			name = Release;
		};
		CB9C60792C5AF76F00DAE1E3 /* Debug */ = {
			isa = XCBuildConfiguration;
			buildSettings = {
				ALWAYS_EMBED_SWIFT_STANDARD_LIBRARIES = YES;
				ASSETCATALOG_COMPILER_APPICON_NAME = AppIcon;
				ASSETCATALOG_COMPILER_GLOBAL_ACCENT_COLOR_NAME = AccentColor;
				CODE_SIGN_ENTITLEMENTS = "Nezha Mobile/Nezha Mobile.entitlements";
				CODE_SIGN_STYLE = Automatic;
				CURRENT_PROJECT_VERSION = 25;
				DEVELOPMENT_ASSET_PATHS = "\"Nezha Mobile/Preview Content\"";
				DEVELOPMENT_TEAM = C7AS5D38Q8;
				ENABLE_PREVIEWS = YES;
				GENERATE_INFOPLIST_FILE = YES;
				INFOPLIST_FILE = "Nezha Mobile/Info.plist";
				INFOPLIST_KEY_CFBundleDisplayName = Nezha;
				INFOPLIST_KEY_LSApplicationCategoryType = "public.app-category.developer-tools";
				"INFOPLIST_KEY_UIApplicationSceneManifest_Generation[sdk=iphoneos*]" = YES;
				"INFOPLIST_KEY_UIApplicationSceneManifest_Generation[sdk=iphonesimulator*]" = YES;
				"INFOPLIST_KEY_UIApplicationSupportsIndirectInputEvents[sdk=iphoneos*]" = YES;
				"INFOPLIST_KEY_UIApplicationSupportsIndirectInputEvents[sdk=iphonesimulator*]" = YES;
				"INFOPLIST_KEY_UILaunchScreen_Generation[sdk=iphoneos*]" = YES;
				"INFOPLIST_KEY_UILaunchScreen_Generation[sdk=iphonesimulator*]" = YES;
				"INFOPLIST_KEY_UIStatusBarStyle[sdk=iphoneos*]" = UIStatusBarStyleDefault;
				"INFOPLIST_KEY_UIStatusBarStyle[sdk=iphonesimulator*]" = UIStatusBarStyleDefault;
				INFOPLIST_KEY_UISupportedInterfaceOrientations_iPad = "UIInterfaceOrientationPortrait UIInterfaceOrientationPortraitUpsideDown UIInterfaceOrientationLandscapeLeft UIInterfaceOrientationLandscapeRight";
				INFOPLIST_KEY_UISupportedInterfaceOrientations_iPhone = "UIInterfaceOrientationPortrait UIInterfaceOrientationLandscapeLeft UIInterfaceOrientationLandscapeRight";
				IPHONEOS_DEPLOYMENT_TARGET = 16.0;
				LD_RUNPATH_SEARCH_PATHS = "@executable_path/Frameworks";
				"LD_RUNPATH_SEARCH_PATHS[sdk=macosx*]" = "@executable_path/../Frameworks";
				MACOSX_DEPLOYMENT_TARGET = 14.0;
				MARKETING_VERSION = 1.3;
				PRODUCT_BUNDLE_IDENTIFIER = "com.argsment.Nezha-Mobile";
				PRODUCT_NAME = "$(TARGET_NAME)";
				SDKROOT = auto;
				SUPPORTED_PLATFORMS = "iphoneos iphonesimulator";
				SUPPORTS_MACCATALYST = NO;
				SWIFT_EMIT_LOC_STRINGS = YES;
				SWIFT_VERSION = 5.0;
				TARGETED_DEVICE_FAMILY = "1,2";
			};
			name = Debug;
		};
		CB9C607A2C5AF76F00DAE1E3 /* Release */ = {
			isa = XCBuildConfiguration;
			buildSettings = {
				ALWAYS_EMBED_SWIFT_STANDARD_LIBRARIES = YES;
				ASSETCATALOG_COMPILER_APPICON_NAME = AppIcon;
				ASSETCATALOG_COMPILER_GLOBAL_ACCENT_COLOR_NAME = AccentColor;
				CODE_SIGN_ENTITLEMENTS = "Nezha Mobile/Nezha Mobile.entitlements";
				CODE_SIGN_STYLE = Automatic;
				CURRENT_PROJECT_VERSION = 25;
				DEVELOPMENT_ASSET_PATHS = "\"Nezha Mobile/Preview Content\"";
				DEVELOPMENT_TEAM = C7AS5D38Q8;
				ENABLE_PREVIEWS = YES;
				GENERATE_INFOPLIST_FILE = YES;
				INFOPLIST_FILE = "Nezha Mobile/Info.plist";
				INFOPLIST_KEY_CFBundleDisplayName = Nezha;
				INFOPLIST_KEY_LSApplicationCategoryType = "public.app-category.developer-tools";
				"INFOPLIST_KEY_UIApplicationSceneManifest_Generation[sdk=iphoneos*]" = YES;
				"INFOPLIST_KEY_UIApplicationSceneManifest_Generation[sdk=iphonesimulator*]" = YES;
				"INFOPLIST_KEY_UIApplicationSupportsIndirectInputEvents[sdk=iphoneos*]" = YES;
				"INFOPLIST_KEY_UIApplicationSupportsIndirectInputEvents[sdk=iphonesimulator*]" = YES;
				"INFOPLIST_KEY_UILaunchScreen_Generation[sdk=iphoneos*]" = YES;
				"INFOPLIST_KEY_UILaunchScreen_Generation[sdk=iphonesimulator*]" = YES;
				"INFOPLIST_KEY_UIStatusBarStyle[sdk=iphoneos*]" = UIStatusBarStyleDefault;
				"INFOPLIST_KEY_UIStatusBarStyle[sdk=iphonesimulator*]" = UIStatusBarStyleDefault;
				INFOPLIST_KEY_UISupportedInterfaceOrientations_iPad = "UIInterfaceOrientationPortrait UIInterfaceOrientationPortraitUpsideDown UIInterfaceOrientationLandscapeLeft UIInterfaceOrientationLandscapeRight";
				INFOPLIST_KEY_UISupportedInterfaceOrientations_iPhone = "UIInterfaceOrientationPortrait UIInterfaceOrientationLandscapeLeft UIInterfaceOrientationLandscapeRight";
				IPHONEOS_DEPLOYMENT_TARGET = 16.0;
				LD_RUNPATH_SEARCH_PATHS = "@executable_path/Frameworks";
				"LD_RUNPATH_SEARCH_PATHS[sdk=macosx*]" = "@executable_path/../Frameworks";
				MACOSX_DEPLOYMENT_TARGET = 14.0;
				MARKETING_VERSION = 1.3;
				PRODUCT_BUNDLE_IDENTIFIER = "com.argsment.Nezha-Mobile";
				PRODUCT_NAME = "$(TARGET_NAME)";
				SDKROOT = auto;
				SUPPORTED_PLATFORMS = "iphoneos iphonesimulator";
				SUPPORTS_MACCATALYST = NO;
				SWIFT_EMIT_LOC_STRINGS = YES;
				SWIFT_VERSION = 5.0;
				TARGETED_DEVICE_FAMILY = "1,2";
			};
			name = Release;
		};
/* End XCBuildConfiguration section */

/* Begin XCConfigurationList section */
		CB701A302C5CF93600019344 /* Build configuration list for PBXNativeTarget "WidgetAppExtension" */ = {
			isa = XCConfigurationList;
			buildConfigurations = (
				CB701A312C5CF93600019344 /* Debug */,
				CB701A322C5CF93600019344 /* Release */,
			);
			defaultConfigurationIsVisible = 0;
			defaultConfigurationName = Release;
		};
		CB701A602C67077600019344 /* Build configuration list for PBXNativeTarget "WatchApp" */ = {
			isa = XCConfigurationList;
			buildConfigurations = (
				CB701A5E2C67077600019344 /* Debug */,
				CB701A5F2C67077600019344 /* Release */,
			);
			defaultConfigurationIsVisible = 0;
			defaultConfigurationName = Release;
		};
		CB9C60622C5AF76E00DAE1E3 /* Build configuration list for PBXProject "Nezha Mobile" */ = {
			isa = XCConfigurationList;
			buildConfigurations = (
				CB9C60762C5AF76F00DAE1E3 /* Debug */,
				CB9C60772C5AF76F00DAE1E3 /* Release */,
			);
			defaultConfigurationIsVisible = 0;
			defaultConfigurationName = Release;
		};
		CB9C60782C5AF76F00DAE1E3 /* Build configuration list for PBXNativeTarget "Nezha Mobile" */ = {
			isa = XCConfigurationList;
			buildConfigurations = (
				CB9C60792C5AF76F00DAE1E3 /* Debug */,
				CB9C607A2C5AF76F00DAE1E3 /* Release */,
			);
			defaultConfigurationIsVisible = 0;
			defaultConfigurationName = Release;
		};
/* End XCConfigurationList section */

/* Begin XCRemoteSwiftPackageReference section */
		CBD2BAE82C68890A00BA9A36 /* XCRemoteSwiftPackageReference "Zephyr" */ = {
			isa = XCRemoteSwiftPackageReference;
			repositoryURL = "https://github.com/ArtSabintsev/Zephyr.git";
			requirement = {
				kind = upToNextMajorVersion;
				minimumVersion = 3.8.0;
			};
		};
/* End XCRemoteSwiftPackageReference section */

/* Begin XCSwiftPackageProductDependency section */
		CBD2BAE92C68890A00BA9A36 /* Zephyr */ = {
			isa = XCSwiftPackageProductDependency;
			package = CBD2BAE82C68890A00BA9A36 /* XCRemoteSwiftPackageReference "Zephyr" */;
			productName = Zephyr;
		};
		CBD2BAEB2C68891E00BA9A36 /* Zephyr */ = {
			isa = XCSwiftPackageProductDependency;
			package = CBD2BAE82C68890A00BA9A36 /* XCRemoteSwiftPackageReference "Zephyr" */;
			productName = Zephyr;
		};
		CBD2BAED2C68895000BA9A36 /* Zephyr */ = {
			isa = XCSwiftPackageProductDependency;
			package = CBD2BAE82C68890A00BA9A36 /* XCRemoteSwiftPackageReference "Zephyr" */;
			productName = Zephyr;
		};
/* End XCSwiftPackageProductDependency section */
	};
	rootObject = CB9C605F2C5AF76E00DAE1E3 /* Project object */;
}
