// !$*UTF8*$!
{
	archiveVersion = 1;
	classes = {
	};
	objectVersion = 70;
	objects = {

/* Begin PBXBuildFile section */
		CB0D2C192CC780C90075FAB7 /* NezhaMobileData in Frameworks */ = {isa = PBXBuildFile; productRef = CB0D2C182CC780C90075FAB7 /* NezhaMobileData */; };
		CB0D2C512CC794400075FAB7 /* Cache in Frameworks */ = {isa = PBXBuildFile; productRef = CB0D2C502CC794400075FAB7 /* Cache */; };
		CB1142012D0D17DC00A63CE7 /* KeychainSwift in Frameworks */ = {isa = PBXBuildFile; productRef = CB1142002D0D17DC00A63CE7 /* KeychainSwift */; };
		CB1142032D0D17F100A63CE7 /* KeychainSwift in Frameworks */ = {isa = PBXBuildFile; productRef = CB1142022D0D17F100A63CE7 /* KeychainSwift */; };
		CB1142052D0D17FB00A63CE7 /* KeychainSwift in Frameworks */ = {isa = PBXBuildFile; productRef = CB1142042D0D17FB00A63CE7 /* KeychainSwift */; };
		CB1142072D0D180D00A63CE7 /* KeychainSwift in Frameworks */ = {isa = PBXBuildFile; productRef = CB1142062D0D180D00A63CE7 /* KeychainSwift */; };
		CB1142092D0D181C00A63CE7 /* KeychainSwift in Frameworks */ = {isa = PBXBuildFile; productRef = CB1142082D0D181C00A63CE7 /* KeychainSwift */; };
		CB701A202C5CF93500019344 /* WidgetKit.framework in Frameworks */ = {isa = PBXBuildFile; fileRef = CB701A1F2C5CF93500019344 /* WidgetKit.framework */; };
		CB701A222C5CF93500019344 /* SwiftUI.framework in Frameworks */ = {isa = PBXBuildFile; fileRef = CB701A212C5CF93500019344 /* SwiftUI.framework */; };
		CB701A5C2C67077600019344 /* Nezha Watch.app in Embed Watch Content */ = {isa = PBXBuildFile; fileRef = CB701A4F2C67077400019344 /* Nezha Watch.app */; settings = {ATTRIBUTES = (RemoveHeadersOnCopy, ); }; };
		CB7B9CE12C9E8678004383C7 /* Nezha Notification Service.appex in Embed Foundation Extensions */ = {isa = PBXBuildFile; fileRef = CB7B9CDA2C9E8678004383C7 /* Nezha Notification Service.appex */; settings = {ATTRIBUTES = (RemoveHeadersOnCopy, ); }; };
		CB7B9CFE2C9E965F004383C7 /* NezhaMobileData in Frameworks */ = {isa = PBXBuildFile; productRef = CB7B9CFD2C9E965F004383C7 /* NezhaMobileData */; };
		CB7B9D002C9E9675004383C7 /* NezhaMobileData in Frameworks */ = {isa = PBXBuildFile; productRef = CB7B9CFF2C9E9675004383C7 /* NezhaMobileData */; };
		CB7B9D022C9E967B004383C7 /* NezhaMobileData in Frameworks */ = {isa = PBXBuildFile; productRef = CB7B9D012C9E967B004383C7 /* NezhaMobileData */; };
		CB7B9D0A2C9E9F14004383C7 /* NezhaMobileData in Frameworks */ = {isa = PBXBuildFile; productRef = CB7B9D092C9E9F14004383C7 /* NezhaMobileData */; };
		CB9747712F41B80D00CFFF76 /* Nezha Widget.appex in Embed Foundation Extensions */ = {isa = PBXBuildFile; fileRef = CB701A1D2C5CF93500019344 /* Nezha Widget.appex */; settings = {ATTRIBUTES = (RemoveHeadersOnCopy, ); }; };
		CB9747782F41B81400CFFF76 /* Nezha Widget.appex in Embed Foundation Extensions */ = {isa = PBXBuildFile; fileRef = CB701A1D2C5CF93500019344 /* Nezha Widget.appex */; settings = {ATTRIBUTES = (RemoveHeadersOnCopy, ); }; };
		CB97478D2F41BCCF00CFFF76 /* WidgetKit.framework in Frameworks */ = {isa = PBXBuildFile; fileRef = CB701A1F2C5CF93500019344 /* WidgetKit.framework */; };
		CB97478E2F41BCCF00CFFF76 /* SwiftUI.framework in Frameworks */ = {isa = PBXBuildFile; fileRef = CB701A212C5CF93500019344 /* SwiftUI.framework */; };
		CB9747992F41BCD000CFFF76 /* Nezha Watch Widget.appex in Embed Foundation Extensions */ = {isa = PBXBuildFile; fileRef = CB97478C2F41BCCF00CFFF76 /* Nezha Watch Widget.appex */; settings = {ATTRIBUTES = (RemoveHeadersOnCopy, ); }; };
		CB9747BB2F41BE2D00CFFF76 /* KeychainSwift in Frameworks */ = {isa = PBXBuildFile; productRef = CB9747BA2F41BE2D00CFFF76 /* KeychainSwift */; };
		CBBDDF832D02EA200068AD5E /* SwiftyJSON in Frameworks */ = {isa = PBXBuildFile; productRef = CBBDDF822D02EA200068AD5E /* SwiftyJSON */; };
		CBD9BA2A2EFBC633002B5394 /* TelemetryDeck in Frameworks */ = {isa = PBXBuildFile; productRef = CBD9BA292EFBC633002B5394 /* TelemetryDeck */; };
		CBD9BA2E2EFBC671002B5394 /* TelemetryDeck in Frameworks */ = {isa = PBXBuildFile; productRef = CBD9BA2D2EFBC671002B5394 /* TelemetryDeck */; };
		CBD9BA302EFBC678002B5394 /* TelemetryDeck in Frameworks */ = {isa = PBXBuildFile; productRef = CBD9BA2F2EFBC678002B5394 /* TelemetryDeck */; };
		CBD9BA322EFBC691002B5394 /* TelemetryDeck in Frameworks */ = {isa = PBXBuildFile; productRef = CBD9BA312EFBC691002B5394 /* TelemetryDeck */; };
		CBD9BA342EFE4820002B5394 /* README_zh.md in Sources */ = {isa = PBXBuildFile; fileRef = CBD9BA332EFE4819002B5394 /* README_zh.md */; };
		CBDAC3CA2C7B2DCE002AA675 /* Cache in Frameworks */ = {isa = PBXBuildFile; productRef = CBDAC3C92C7B2DCE002AA675 /* Cache */; };
		CBDAC3D22C7BFF13002AA675 /* Cache in Frameworks */ = {isa = PBXBuildFile; productRef = CBDAC3D12C7BFF13002AA675 /* Cache */; };
		CBED0F942CFAB92E004DAD8D /* Nezha Widget.appex in Embed Foundation Extensions */ = {isa = PBXBuildFile; fileRef = CB701A1D2C5CF93500019344 /* Nezha Widget.appex */; settings = {ATTRIBUTES = (RemoveHeadersOnCopy, ); }; };
		CBED105B2CFE7FEB004DAD8D /* SwiftyJSON in Frameworks */ = {isa = PBXBuildFile; productRef = CBED105A2CFE7FEB004DAD8D /* SwiftyJSON */; };
		CBED10B62D00788C004DAD8D /* SwiftyJSON in Frameworks */ = {isa = PBXBuildFile; productRef = CBED10B52D00788C004DAD8D /* SwiftyJSON */; };
/* End PBXBuildFile section */

/* Begin PBXContainerItemProxy section */
		CB7B9CDF2C9E8678004383C7 /* PBXContainerItemProxy */ = {
			isa = PBXContainerItemProxy;
			containerPortal = CB9C605F2C5AF76E00DAE1E3 /* Project object */;
			proxyType = 1;
			remoteGlobalIDString = CB7B9CD92C9E8678004383C7;
			remoteInfo = "Notification Service";
		};
		CB9747722F41B80D00CFFF76 /* PBXContainerItemProxy */ = {
			isa = PBXContainerItemProxy;
			containerPortal = CB9C605F2C5AF76E00DAE1E3 /* Project object */;
			proxyType = 1;
			remoteGlobalIDString = CB701A1C2C5CF93500019344;
			remoteInfo = "Nezha Widget";
		};
		CB9747792F41B81400CFFF76 /* PBXContainerItemProxy */ = {
			isa = PBXContainerItemProxy;
			containerPortal = CB9C605F2C5AF76E00DAE1E3 /* Project object */;
			proxyType = 1;
			remoteGlobalIDString = CB701A1C2C5CF93500019344;
			remoteInfo = "Nezha Widget";
		};
		CB9747972F41BCD000CFFF76 /* PBXContainerItemProxy */ = {
			isa = PBXContainerItemProxy;
			containerPortal = CB9C605F2C5AF76E00DAE1E3 /* Project object */;
			proxyType = 1;
			remoteGlobalIDString = CB97478B2F41BCCF00CFFF76;
			remoteInfo = WidgetExtension;
		};
		CBED0F922CFAB2CE004DAD8D /* PBXContainerItemProxy */ = {
			isa = PBXContainerItemProxy;
			containerPortal = CB9C605F2C5AF76E00DAE1E3 /* Project object */;
			proxyType = 1;
			remoteGlobalIDString = CB701A4E2C67077400019344;
			remoteInfo = "Nezha Watch";
		};
		CBED0F952CFAB92E004DAD8D /* PBXContainerItemProxy */ = {
			isa = PBXContainerItemProxy;
			containerPortal = CB9C605F2C5AF76E00DAE1E3 /* Project object */;
			proxyType = 1;
			remoteGlobalIDString = CB701A1C2C5CF93500019344;
			remoteInfo = "Nezha Widget";
		};
/* End PBXContainerItemProxy section */

/* Begin PBXCopyFilesBuildPhase section */
		CB701A332C5CF93600019344 /* Embed Foundation Extensions */ = {
			isa = PBXCopyFilesBuildPhase;
			buildActionMask = 2147483647;
			dstPath = "";
			dstSubfolderSpec = 13;
			files = (
				CBED0F942CFAB92E004DAD8D /* Nezha Widget.appex in Embed Foundation Extensions */,
				CB7B9CE12C9E8678004383C7 /* Nezha Notification Service.appex in Embed Foundation Extensions */,
			);
			name = "Embed Foundation Extensions";
			runOnlyForDeploymentPostprocessing = 0;
		};
		CB701A5D2C67077600019344 /* Embed Watch Content */ = {
			isa = PBXCopyFilesBuildPhase;
			buildActionMask = 2147483647;
			dstPath = "$(CONTENTS_FOLDER_PATH)/Watch";
			dstSubfolderSpec = 16;
			files = (
				CB701A5C2C67077600019344 /* Nezha Watch.app in Embed Watch Content */,
			);
			name = "Embed Watch Content";
			runOnlyForDeploymentPostprocessing = 0;
		};
		CB9747772F41B80D00CFFF76 /* Embed Foundation Extensions */ = {
			isa = PBXCopyFilesBuildPhase;
			buildActionMask = 2147483647;
			dstPath = "";
			dstSubfolderSpec = 13;
			files = (
				CB9747712F41B80D00CFFF76 /* Nezha Widget.appex in Embed Foundation Extensions */,
			);
			name = "Embed Foundation Extensions";
			runOnlyForDeploymentPostprocessing = 0;
		};
		CB97477E2F41B81400CFFF76 /* Embed Foundation Extensions */ = {
			isa = PBXCopyFilesBuildPhase;
			buildActionMask = 2147483647;
			dstPath = "";
			dstSubfolderSpec = 13;
			files = (
				CB9747782F41B81400CFFF76 /* Nezha Widget.appex in Embed Foundation Extensions */,
			);
			name = "Embed Foundation Extensions";
			runOnlyForDeploymentPostprocessing = 0;
		};
		CB9747862F41BBAE00CFFF76 /* Embed Foundation Extensions */ = {
			isa = PBXCopyFilesBuildPhase;
			buildActionMask = 2147483647;
			dstPath = "";
			dstSubfolderSpec = 13;
			files = (
				CB9747992F41BCD000CFFF76 /* Nezha Watch Widget.appex in Embed Foundation Extensions */,
			);
			name = "Embed Foundation Extensions";
			runOnlyForDeploymentPostprocessing = 0;
		};
/* End PBXCopyFilesBuildPhase section */

/* Begin PBXFileReference section */
		CB0D2C012CC77E1E0075FAB7 /* Nezha Vision.app */ = {isa = PBXFileReference; explicitFileType = wrapper.application; includeInIndex = 0; path = "Nezha Vision.app"; sourceTree = BUILT_PRODUCTS_DIR; };
		CB701A0E2C5BB47600019344 /* README.md */ = {isa = PBXFileReference; fileEncoding = 4; lastKnownFileType = net.daringfireball.markdown; path = README.md; sourceTree = "<group>"; };
		CB701A102C5BB58D00019344 /* LICENSE */ = {isa = PBXFileReference; lastKnownFileType = text; path = LICENSE; sourceTree = "<group>"; };
		CB701A1D2C5CF93500019344 /* Nezha Widget.appex */ = {isa = PBXFileReference; explicitFileType = "wrapper.app-extension"; includeInIndex = 0; path = "Nezha Widget.appex"; sourceTree = BUILT_PRODUCTS_DIR; };
		CB701A1F2C5CF93500019344 /* WidgetKit.framework */ = {isa = PBXFileReference; lastKnownFileType = wrapper.framework; name = WidgetKit.framework; path = System/Library/Frameworks/WidgetKit.framework; sourceTree = SDKROOT; };
		CB701A212C5CF93500019344 /* SwiftUI.framework */ = {isa = PBXFileReference; lastKnownFileType = wrapper.framework; name = SwiftUI.framework; path = System/Library/Frameworks/SwiftUI.framework; sourceTree = SDKROOT; };
		CB701A4F2C67077400019344 /* Nezha Watch.app */ = {isa = PBXFileReference; explicitFileType = wrapper.application; includeInIndex = 0; path = "Nezha Watch.app"; sourceTree = BUILT_PRODUCTS_DIR; };
		CB7B9CDA2C9E8678004383C7 /* Nezha Notification Service.appex */ = {isa = PBXFileReference; explicitFileType = "wrapper.app-extension"; includeInIndex = 0; path = "Nezha Notification Service.appex"; sourceTree = BUILT_PRODUCTS_DIR; };
		CB7B9CFC2C9E937A004383C7 /* NezhaMobileData */ = {isa = PBXFileReference; lastKnownFileType = wrapper; path = NezhaMobileData; sourceTree = "<group>"; };
		CB97478C2F41BCCF00CFFF76 /* Nezha Watch Widget.appex */ = {isa = PBXFileReference; explicitFileType = "wrapper.app-extension"; includeInIndex = 0; path = "Nezha Watch Widget.appex"; sourceTree = BUILT_PRODUCTS_DIR; };
		CB9C60672C5AF76E00DAE1E3 /* Nezha Mobile.app */ = {isa = PBXFileReference; explicitFileType = wrapper.application; includeInIndex = 0; path = "Nezha Mobile.app"; sourceTree = BUILT_PRODUCTS_DIR; };
		CBD2BB112C6C269800BA9A36 /* Nezha Desktop.app */ = {isa = PBXFileReference; explicitFileType = wrapper.application; includeInIndex = 0; path = "Nezha Desktop.app"; sourceTree = BUILT_PRODUCTS_DIR; };
		CBD9BA332EFE4819002B5394 /* README_zh.md */ = {isa = PBXFileReference; lastKnownFileType = net.daringfireball.markdown; path = README_zh.md; sourceTree = "<group>"; };
/* End PBXFileReference section */

/* Begin PBXFileSystemSynchronizedBuildFileExceptionSet section */
		CB974B732F41D81A00CFFF76 /* PBXFileSystemSynchronizedBuildFileExceptionSet */ = {
			isa = PBXFileSystemSynchronizedBuildFileExceptionSet;
			membershipExceptions = (
				"APIModels/GeoIP Models/GetIPCityDataResponse.swift",
				"APIModels/Nezha Dashboard Models/LoginResponse.swift",
				"APIModels/Nezha Dashboard Models/NezhaDashboardBaseResponse.swift",
				"APIModels/Nezha Dashboard Models/Server/DeleteServerResponse.swift",
				"APIModels/Nezha Dashboard Models/Server/GetServerResponse.swift",
				"APIModels/Nezha Dashboard Models/Server/RenameServerResponse.swift",
				AppIcon.icon,
				DeviceCensorship.swift,
				"Handlers/Nezha Dashboard Handlers/decodeNezhaDashboardResponse.swift",
				"Handlers/Nezha Dashboard Handlers/login.swift",
				"Handlers/Nezha Dashboard Handlers/NezhaDashboardError.swift",
				"Handlers/Nezha Dashboard Handlers/Server/getServer.swift",
				iCloudSync.swift,
				LoadingState.swift,
				Localizable.xcstrings,
				Models/ServerData.swift,
				Models/ServerGroup.swift,
				NMCore.swift,
				"NMCore+TelemetryDeck.swift",
				NMUI.swift,
				PropertyWrappers/ISO8601Date.swift,
				PropertyWrappers/MillisecondTimestamps.swift,
				RequestHandler.swift,
				TokenManager.swift,
				Utilities.swift,
				Views/AcknowledgmentView.swift,
				Views/General/CountryFlag.swift,
				Views/General/PieceOfInfo.swift,
				Views/Logos/Logos.xcassets,
				Views/Servers/ServerList/ServerCard/ServerCard.swift,
				Views/Servers/ServerList/ServerTitle.swift,
			);
			target = CB701A4E2C67077400019344 /* Nezha Watch */;
		};
		CB974B742F41D81A00CFFF76 /* PBXFileSystemSynchronizedBuildFileExceptionSet */ = {
			isa = PBXFileSystemSynchronizedBuildFileExceptionSet;
			membershipExceptions = (
				DeviceInfo.swift,
				ViewModels/DeviceInfoViewModel.swift,
				Views/CardView.swift,
				Views/Settings/AddDashboardView.swift,
				Views/Settings/DashboardSettingsView.swift,
				Views/Tools/DeviceInfoView.swift,
				Views/Tools/ServerGroup/ServerGroupDetailView.swift,
				Views/Tools/ServerGroup/ServerGroupServerListView.swift,
				Views/Tools/ToolListView.swift,
			);
			target = CBD2BB102C6C269800BA9A36 /* Nezha Desktop */;
		};
		CB974B752F41D81A00CFFF76 /* PBXFileSystemSynchronizedBuildFileExceptionSet */ = {
			isa = PBXFileSystemSynchronizedBuildFileExceptionSet;
			membershipExceptions = (
				NMTheme.swift,
				Views/Servers/ServerList/ServerCard/ServerCardView.swift,
				Views/Settings/ThemeSettingsView.swift,
			);
			target = CB0D2C002CC77E1E0075FAB7 /* Nezha Vision */;
		};
		CB974B762F41D81A00CFFF76 /* PBXFileSystemSynchronizedBuildFileExceptionSet */ = {
			isa = PBXFileSystemSynchronizedBuildFileExceptionSet;
			membershipExceptions = (
				"APIModels/GeoIP Models/GetIPCityDataResponse.swift",
				"APIModels/Nezha Dashboard Models/LoginResponse.swift",
				"APIModels/Nezha Dashboard Models/NezhaDashboardBaseResponse.swift",
				"APIModels/Nezha Dashboard Models/Server/DeleteServerResponse.swift",
				"APIModels/Nezha Dashboard Models/Server/GetServerResponse.swift",
				"APIModels/Nezha Dashboard Models/Server/RenameServerResponse.swift",
				DeviceCensorship.swift,
				DeviceInfo.swift,
				"Handlers/Nezha Dashboard Handlers/decodeNezhaDashboardResponse.swift",
				"Handlers/Nezha Dashboard Handlers/login.swift",
				"Handlers/Nezha Dashboard Handlers/NezhaDashboardError.swift",
				"Handlers/Nezha Dashboard Handlers/Server/getServer.swift",
				iCloudSync.swift,
				Localizable.xcstrings,
				Models/ServerData.swift,
				NMCore.swift,
				NMUI.swift,
				PropertyWrappers/ISO8601Date.swift,
				PropertyWrappers/MillisecondTimestamps.swift,
				RequestHandler.swift,
				TokenManager.swift,
				Utilities.swift,
				Views/General/CountryFlag.swift,
			);
			target = CB701A1C2C5CF93500019344 /* Nezha Widget */;
		};
		CB974B772F41D81A00CFFF76 /* PBXFileSystemSynchronizedBuildFileExceptionSet */ = {
			isa = PBXFileSystemSynchronizedBuildFileExceptionSet;
			membershipExceptions = (
				"APIModels/Nezha Dashboard Models/LoginResponse.swift",
				"APIModels/Nezha Dashboard Models/NezhaDashboardBaseResponse.swift",
				"APIModels/Nezha Dashboard Models/Server/GetServerResponse.swift",
				DeviceCensorship.swift,
				"Handlers/Nezha Dashboard Handlers/decodeNezhaDashboardResponse.swift",
				"Handlers/Nezha Dashboard Handlers/login.swift",
				"Handlers/Nezha Dashboard Handlers/NezhaDashboardError.swift",
				"Handlers/Nezha Dashboard Handlers/Server/getServer.swift",
				iCloudSync.swift,
				Models/ServerData.swift,
				NMCore.swift,
				PropertyWrappers/ISO8601Date.swift,
				RequestHandler.swift,
				TokenManager.swift,
				Utilities.swift,
				Views/General/CountryFlag.swift,
			);
			target = CB97478B2F41BCCF00CFFF76 /* Nezha Watch Widget */;
		};
		CB974B962F41D82D00CFFF76 /* PBXFileSystemSynchronizedBuildFileExceptionSet */ = {
			isa = PBXFileSystemSynchronizedBuildFileExceptionSet;
			membershipExceptions = (
				Info.plist,
			);
			target = CB701A4E2C67077400019344 /* Nezha Watch */;
		};
		CB974BC32F41D83100CFFF76 /* PBXFileSystemSynchronizedBuildFileExceptionSet */ = {
			isa = PBXFileSystemSynchronizedBuildFileExceptionSet;
			membershipExceptions = (
				Info.plist,
			);
			target = CBD2BB102C6C269800BA9A36 /* Nezha Desktop */;
		};
		CB974BDD2F41D83400CFFF76 /* PBXFileSystemSynchronizedBuildFileExceptionSet */ = {
			isa = PBXFileSystemSynchronizedBuildFileExceptionSet;
			membershipExceptions = (
				Info.plist,
			);
			target = CB0D2C002CC77E1E0075FAB7 /* Nezha Vision */;
		};
		CB974C0A2F41D8FD00CFFF76 /* PBXFileSystemSynchronizedBuildFileExceptionSet */ = {
			isa = PBXFileSystemSynchronizedBuildFileExceptionSet;
			membershipExceptions = (
				Info.plist,
			);
			target = CB701A1C2C5CF93500019344 /* Nezha Widget */;
		};
		CB974C0B2F41D8FD00CFFF76 /* PBXFileSystemSynchronizedBuildFileExceptionSet */ = {
			isa = PBXFileSystemSynchronizedBuildFileExceptionSet;
			membershipExceptions = (
				Info.plist,
			);
			target = CB97478B2F41BCCF00CFFF76 /* Nezha Watch Widget */;
		};
		CB974C112F41DA4500CFFF76 /* PBXFileSystemSynchronizedBuildFileExceptionSet */ = {
			isa = PBXFileSystemSynchronizedBuildFileExceptionSet;
			membershipExceptions = (
				NotificationService.swift,
			);
			target = CB7B9CD92C9E8678004383C7 /* Nezha Notification Service */;
		};
		CB974C432F41DA9500CFFF76 /* PBXFileSystemSynchronizedBuildFileExceptionSet */ = {
			isa = PBXFileSystemSynchronizedBuildFileExceptionSet;
			membershipExceptions = (
				Info.plist,
			);
			target = CB9C60662C5AF76E00DAE1E3 /* Nezha Mobile */;
		};
/* End PBXFileSystemSynchronizedBuildFileExceptionSet section */

/* Begin PBXFileSystemSynchronizedRootGroup section */
		CB9749D02F41D81A00CFFF76 /* Shared */ = {isa = PBXFileSystemSynchronizedRootGroup; exceptions = (CB974B732F41D81A00CFFF76 /* PBXFileSystemSynchronizedBuildFileExceptionSet */, CB974B742F41D81A00CFFF76 /* PBXFileSystemSynchronizedBuildFileExceptionSet */, CB974B752F41D81A00CFFF76 /* PBXFileSystemSynchronizedBuildFileExceptionSet */, CB974B762F41D81A00CFFF76 /* PBXFileSystemSynchronizedBuildFileExceptionSet */, CB974B772F41D81A00CFFF76 /* PBXFileSystemSynchronizedBuildFileExceptionSet */, ); explicitFileTypes = {}; explicitFolders = (); path = Shared; sourceTree = "<group>"; };
		CB974B892F41D82D00CFFF76 /* Nezha Watch */ = {isa = PBXFileSystemSynchronizedRootGroup; exceptions = (CB974B962F41D82D00CFFF76 /* PBXFileSystemSynchronizedBuildFileExceptionSet */, ); explicitFileTypes = {}; explicitFolders = (); path = "Nezha Watch"; sourceTree = "<group>"; };
		CB974BB12F41D83100CFFF76 /* Nezha Desktop */ = {isa = PBXFileSystemSynchronizedRootGroup; exceptions = (CB974BC32F41D83100CFFF76 /* PBXFileSystemSynchronizedBuildFileExceptionSet */, ); explicitFileTypes = {}; explicitFolders = (); path = "Nezha Desktop"; sourceTree = "<group>"; };
		CB974BD22F41D83400CFFF76 /* Nezha Vision */ = {isa = PBXFileSystemSynchronizedRootGroup; exceptions = (CB974BDD2F41D83400CFFF76 /* PBXFileSystemSynchronizedBuildFileExceptionSet */, ); explicitFileTypes = {}; explicitFolders = (); path = "Nezha Vision"; sourceTree = "<group>"; };
		CB974BEF2F41D8FD00CFFF76 /* Nezha Widget */ = {isa = PBXFileSystemSynchronizedRootGroup; exceptions = (CB974C0A2F41D8FD00CFFF76 /* PBXFileSystemSynchronizedBuildFileExceptionSet */, CB974C0B2F41D8FD00CFFF76 /* PBXFileSystemSynchronizedBuildFileExceptionSet */, ); explicitFileTypes = {}; explicitFolders = (); path = "Nezha Widget"; sourceTree = "<group>"; };
		CB974C0F2F41DA4500CFFF76 /* Notification Service */ = {isa = PBXFileSystemSynchronizedRootGroup; exceptions = (CB974C112F41DA4500CFFF76 /* PBXFileSystemSynchronizedBuildFileExceptionSet */, ); explicitFileTypes = {}; explicitFolders = (); path = "Notification Service"; sourceTree = "<group>"; };
		CB974C132F41DA5500CFFF76 /* Packages */ = {isa = PBXFileSystemSynchronizedRootGroup; explicitFileTypes = {}; explicitFolders = (); path = Packages; sourceTree = "<group>"; };
		CB974C302F41DA9000CFFF76 /* Nezha Mobile */ = {isa = PBXFileSystemSynchronizedRootGroup; exceptions = (CB974C432F41DA9500CFFF76 /* PBXFileSystemSynchronizedBuildFileExceptionSet */, ); explicitFileTypes = {}; explicitFolders = (); path = "Nezha Mobile"; sourceTree = "<group>"; };
/* End PBXFileSystemSynchronizedRootGroup section */

/* Begin PBXFrameworksBuildPhase section */
		CB0D2BFE2CC77E1E0075FAB7 /* Frameworks */ = {
			isa = PBXFrameworksBuildPhase;
			buildActionMask = 2147483647;
			files = (
				CB0D2C192CC780C90075FAB7 /* NezhaMobileData in Frameworks */,
				CB1142072D0D180D00A63CE7 /* KeychainSwift in Frameworks */,
				CBED10B62D00788C004DAD8D /* SwiftyJSON in Frameworks */,
				CB0D2C512CC794400075FAB7 /* Cache in Frameworks */,
				CBD9BA322EFBC691002B5394 /* TelemetryDeck in Frameworks */,
			);
			runOnlyForDeploymentPostprocessing = 0;
		};
		CB701A1A2C5CF93500019344 /* Frameworks */ = {
			isa = PBXFrameworksBuildPhase;
			buildActionMask = 2147483647;
			files = (
				CB1142092D0D181C00A63CE7 /* KeychainSwift in Frameworks */,
				CB701A222C5CF93500019344 /* SwiftUI.framework in Frameworks */,
				CB701A202C5CF93500019344 /* WidgetKit.framework in Frameworks */,
			);
			runOnlyForDeploymentPostprocessing = 0;
		};
		CB701A4C2C67077400019344 /* Frameworks */ = {
			isa = PBXFrameworksBuildPhase;
			buildActionMask = 2147483647;
			files = (
				CB1142032D0D17F100A63CE7 /* KeychainSwift in Frameworks */,
				CB7B9D002C9E9675004383C7 /* NezhaMobileData in Frameworks */,
				CBD9BA2E2EFBC671002B5394 /* TelemetryDeck in Frameworks */,
			);
			runOnlyForDeploymentPostprocessing = 0;
		};
		CB7B9CD72C9E8678004383C7 /* Frameworks */ = {
			isa = PBXFrameworksBuildPhase;
			buildActionMask = 2147483647;
			files = (
				CB7B9D0A2C9E9F14004383C7 /* NezhaMobileData in Frameworks */,
			);
			runOnlyForDeploymentPostprocessing = 0;
		};
		CB9747892F41BCCF00CFFF76 /* Frameworks */ = {
			isa = PBXFrameworksBuildPhase;
			buildActionMask = 2147483647;
			files = (
				CB9747BB2F41BE2D00CFFF76 /* KeychainSwift in Frameworks */,
				CB97478E2F41BCCF00CFFF76 /* SwiftUI.framework in Frameworks */,
				CB97478D2F41BCCF00CFFF76 /* WidgetKit.framework in Frameworks */,
			);
			runOnlyForDeploymentPostprocessing = 0;
		};
		CB9C60642C5AF76E00DAE1E3 /* Frameworks */ = {
			isa = PBXFrameworksBuildPhase;
			buildActionMask = 2147483647;
			files = (
				CBDAC3CA2C7B2DCE002AA675 /* Cache in Frameworks */,
				CB1142012D0D17DC00A63CE7 /* KeychainSwift in Frameworks */,
				CBED105B2CFE7FEB004DAD8D /* SwiftyJSON in Frameworks */,
				CB7B9CFE2C9E965F004383C7 /* NezhaMobileData in Frameworks */,
				CBD9BA2A2EFBC633002B5394 /* TelemetryDeck in Frameworks */,
			);
			runOnlyForDeploymentPostprocessing = 0;
		};
		CBD2BB0E2C6C269800BA9A36 /* Frameworks */ = {
			isa = PBXFrameworksBuildPhase;
			buildActionMask = 2147483647;
			files = (
				CBDAC3D22C7BFF13002AA675 /* Cache in Frameworks */,
				CB1142052D0D17FB00A63CE7 /* KeychainSwift in Frameworks */,
				CBBDDF832D02EA200068AD5E /* SwiftyJSON in Frameworks */,
				CBD9BA302EFBC678002B5394 /* TelemetryDeck in Frameworks */,
				CB7B9D022C9E967B004383C7 /* NezhaMobileData in Frameworks */,
			);
			runOnlyForDeploymentPostprocessing = 0;
		};
/* End PBXFrameworksBuildPhase section */

/* Begin PBXGroup section */
		CB701A1E2C5CF93500019344 /* Frameworks */ = {
			isa = PBXGroup;
			children = (
				CB701A1F2C5CF93500019344 /* WidgetKit.framework */,
				CB701A212C5CF93500019344 /* SwiftUI.framework */,
			);
			name = Frameworks;
			sourceTree = "<group>";
		};
		CB9C605E2C5AF76E00DAE1E3 = {
			isa = PBXGroup;
			children = (
				CB701A102C5BB58D00019344 /* LICENSE */,
				CB701A0E2C5BB47600019344 /* README.md */,
				CBD9BA332EFE4819002B5394 /* README_zh.md */,
				CB9749D02F41D81A00CFFF76 /* Shared */,
				CB974C302F41DA9000CFFF76 /* Nezha Mobile */,
				CB974B892F41D82D00CFFF76 /* Nezha Watch */,
				CB974BB12F41D83100CFFF76 /* Nezha Desktop */,
				CB974BD22F41D83400CFFF76 /* Nezha Vision */,
				CB974BEF2F41D8FD00CFFF76 /* Nezha Widget */,
				CB974C0F2F41DA4500CFFF76 /* Notification Service */,
				CB701A1E2C5CF93500019344 /* Frameworks */,
				CB7B9CFC2C9E937A004383C7 /* NezhaMobileData */,
				CB974C132F41DA5500CFFF76 /* Packages */,
				CB9C60682C5AF76E00DAE1E3 /* Products */,
			);
			sourceTree = "<group>";
		};
		CB9C60682C5AF76E00DAE1E3 /* Products */ = {
			isa = PBXGroup;
			children = (
				CB9C60672C5AF76E00DAE1E3 /* Nezha Mobile.app */,
				CB701A1D2C5CF93500019344 /* Nezha Widget.appex */,
				CB701A4F2C67077400019344 /* Nezha Watch.app */,
				CBD2BB112C6C269800BA9A36 /* Nezha Desktop.app */,
				CB7B9CDA2C9E8678004383C7 /* Nezha Notification Service.appex */,
				CB0D2C012CC77E1E0075FAB7 /* Nezha Vision.app */,
				CB97478C2F41BCCF00CFFF76 /* Nezha Watch Widget.appex */,
			);
			name = Products;
			sourceTree = "<group>";
		};
/* End PBXGroup section */

/* Begin PBXNativeTarget section */
		CB0D2C002CC77E1E0075FAB7 /* Nezha Vision */ = {
			isa = PBXNativeTarget;
			buildConfigurationList = CB0D2C142CC77E200075FAB7 /* Build configuration list for PBXNativeTarget "Nezha Vision" */;
			buildPhases = (
				CB0D2BFD2CC77E1E0075FAB7 /* Sources */,
				CB0D2BFE2CC77E1E0075FAB7 /* Frameworks */,
				CB0D2BFF2CC77E1E0075FAB7 /* Resources */,
				CB97477E2F41B81400CFFF76 /* Embed Foundation Extensions */,
			);
			buildRules = (
			);
			dependencies = (
				CB97477A2F41B81400CFFF76 /* PBXTargetDependency */,
			);
			fileSystemSynchronizedGroups = (
				CB9749D02F41D81A00CFFF76 /* Shared */,
				CB974BD22F41D83400CFFF76 /* Nezha Vision */,
			);
			name = "Nezha Vision";
			packageProductDependencies = (
				CB0D2C182CC780C90075FAB7 /* NezhaMobileData */,
				CB0D2C502CC794400075FAB7 /* Cache */,
				CBED10B52D00788C004DAD8D /* SwiftyJSON */,
				CB1142062D0D180D00A63CE7 /* KeychainSwift */,
				CBD9BA312EFBC691002B5394 /* TelemetryDeck */,
			);
			productName = "Nezha Vision";
			productReference = CB0D2C012CC77E1E0075FAB7 /* Nezha Vision.app */;
			productType = "com.apple.product-type.application";
		};
		CB701A1C2C5CF93500019344 /* Nezha Widget */ = {
			isa = PBXNativeTarget;
			buildConfigurationList = CB701A302C5CF93600019344 /* Build configuration list for PBXNativeTarget "Nezha Widget" */;
			buildPhases = (
				CB701A192C5CF93500019344 /* Sources */,
				CB701A1A2C5CF93500019344 /* Frameworks */,
				CB701A1B2C5CF93500019344 /* Resources */,
			);
			buildRules = (
			);
			dependencies = (
			);
			fileSystemSynchronizedGroups = (
				CB974BEF2F41D8FD00CFFF76 /* Nezha Widget */,
			);
			name = "Nezha Widget";
			packageProductDependencies = (
				CB1142082D0D181C00A63CE7 /* KeychainSwift */,
			);
			productName = WidgetAppExtension;
			productReference = CB701A1D2C5CF93500019344 /* Nezha Widget.appex */;
			productType = "com.apple.product-type.app-extension";
		};
		CB701A4E2C67077400019344 /* Nezha Watch */ = {
			isa = PBXNativeTarget;
			buildConfigurationList = CB701A602C67077600019344 /* Build configuration list for PBXNativeTarget "Nezha Watch" */;
			buildPhases = (
				CB701A4B2C67077400019344 /* Sources */,
				CB701A4C2C67077400019344 /* Frameworks */,
				CB701A4D2C67077400019344 /* Resources */,
				CB9747862F41BBAE00CFFF76 /* Embed Foundation Extensions */,
			);
			buildRules = (
			);
			dependencies = (
				CB9747982F41BCD000CFFF76 /* PBXTargetDependency */,
			);
			fileSystemSynchronizedGroups = (
				CB974B892F41D82D00CFFF76 /* Nezha Watch */,
			);
			name = "Nezha Watch";
			packageProductDependencies = (
				CB7B9CFF2C9E9675004383C7 /* NezhaMobileData */,
				CB1142022D0D17F100A63CE7 /* KeychainSwift */,
				CBD9BA2D2EFBC671002B5394 /* TelemetryDeck */,
			);
			productName = "Watch App Watch App";
			productReference = CB701A4F2C67077400019344 /* Nezha Watch.app */;
			productType = "com.apple.product-type.application";
		};
		CB7B9CD92C9E8678004383C7 /* Nezha Notification Service */ = {
			isa = PBXNativeTarget;
			buildConfigurationList = CB7B9CE52C9E8678004383C7 /* Build configuration list for PBXNativeTarget "Nezha Notification Service" */;
			buildPhases = (
				CB7B9CD62C9E8678004383C7 /* Sources */,
				CB7B9CD72C9E8678004383C7 /* Frameworks */,
				CB7B9CD82C9E8678004383C7 /* Resources */,
			);
			buildRules = (
			);
			dependencies = (
			);
			name = "Nezha Notification Service";
			packageProductDependencies = (
				CB7B9D092C9E9F14004383C7 /* NezhaMobileData */,
			);
			productName = "Notification Service";
			productReference = CB7B9CDA2C9E8678004383C7 /* Nezha Notification Service.appex */;
			productType = "com.apple.product-type.app-extension";
		};
		CB97478B2F41BCCF00CFFF76 /* Nezha Watch Widget */ = {
			isa = PBXNativeTarget;
			buildConfigurationList = CB97479B2F41BCD000CFFF76 /* Build configuration list for PBXNativeTarget "Nezha Watch Widget" */;
			buildPhases = (
				CB9747882F41BCCF00CFFF76 /* Sources */,
				CB9747892F41BCCF00CFFF76 /* Frameworks */,
				CB97478A2F41BCCF00CFFF76 /* Resources */,
			);
			buildRules = (
			);
			dependencies = (
			);
			fileSystemSynchronizedGroups = (
				CB974BEF2F41D8FD00CFFF76 /* Nezha Widget */,
			);
			name = "Nezha Watch Widget";
			packageProductDependencies = (
				CB9747BA2F41BE2D00CFFF76 /* KeychainSwift */,
			);
			productName = WidgetExtension;
			productReference = CB97478C2F41BCCF00CFFF76 /* Nezha Watch Widget.appex */;
			productType = "com.apple.product-type.app-extension";
		};
		CB9C60662C5AF76E00DAE1E3 /* Nezha Mobile */ = {
			isa = PBXNativeTarget;
			buildConfigurationList = CB9C60782C5AF76F00DAE1E3 /* Build configuration list for PBXNativeTarget "Nezha Mobile" */;
			buildPhases = (
				CB9C60632C5AF76E00DAE1E3 /* Sources */,
				CB9C60642C5AF76E00DAE1E3 /* Frameworks */,
				CB9C60652C5AF76E00DAE1E3 /* Resources */,
				CB701A332C5CF93600019344 /* Embed Foundation Extensions */,
				CB701A5D2C67077600019344 /* Embed Watch Content */,
			);
			buildRules = (
			);
			dependencies = (
				CB7B9CE02C9E8678004383C7 /* PBXTargetDependency */,
				CBED0F932CFAB2CE004DAD8D /* PBXTargetDependency */,
				CBED0F962CFAB92E004DAD8D /* PBXTargetDependency */,
			);
			fileSystemSynchronizedGroups = (
				CB9749D02F41D81A00CFFF76 /* Shared */,
				CB974C302F41DA9000CFFF76 /* Nezha Mobile */,
			);
			name = "Nezha Mobile";
			packageProductDependencies = (
				CBDAC3C92C7B2DCE002AA675 /* Cache */,
				CB7B9CFD2C9E965F004383C7 /* NezhaMobileData */,
				CBED105A2CFE7FEB004DAD8D /* SwiftyJSON */,
				CB1142002D0D17DC00A63CE7 /* KeychainSwift */,
				CBD9BA292EFBC633002B5394 /* TelemetryDeck */,
			);
			productName = "Nezha Mobile";
			productReference = CB9C60672C5AF76E00DAE1E3 /* Nezha Mobile.app */;
			productType = "com.apple.product-type.application";
		};
		CBD2BB102C6C269800BA9A36 /* Nezha Desktop */ = {
			isa = PBXNativeTarget;
			buildConfigurationList = CBD2BB1F2C6C269900BA9A36 /* Build configuration list for PBXNativeTarget "Nezha Desktop" */;
			buildPhases = (
				CBD2BB0D2C6C269800BA9A36 /* Sources */,
				CBD2BB0E2C6C269800BA9A36 /* Frameworks */,
				CBD2BB0F2C6C269800BA9A36 /* Resources */,
				CB9747772F41B80D00CFFF76 /* Embed Foundation Extensions */,
			);
			buildRules = (
			);
			dependencies = (
				CB9747732F41B80D00CFFF76 /* PBXTargetDependency */,
			);
			fileSystemSynchronizedGroups = (
				CB9749D02F41D81A00CFFF76 /* Shared */,
				CB974BB12F41D83100CFFF76 /* Nezha Desktop */,
			);
			name = "Nezha Desktop";
			packageProductDependencies = (
				CBDAC3D12C7BFF13002AA675 /* Cache */,
				CB7B9D012C9E967B004383C7 /* NezhaMobileData */,
				CBBDDF822D02EA200068AD5E /* SwiftyJSON */,
				CB1142042D0D17FB00A63CE7 /* KeychainSwift */,
				CBD9BA2F2EFBC678002B5394 /* TelemetryDeck */,
			);
			productName = "Nezha-Mobile";
			productReference = CBD2BB112C6C269800BA9A36 /* Nezha Desktop.app */;
			productType = "com.apple.product-type.application";
		};
/* End PBXNativeTarget section */

/* Begin PBXProject section */
		CB9C605F2C5AF76E00DAE1E3 /* Project object */ = {
			isa = PBXProject;
			attributes = {
				BuildIndependentTargetsInParallel = 1;
				LastSwiftUpdateCheck = 2600;
				LastUpgradeCheck = 2600;
				TargetAttributes = {
					CB0D2C002CC77E1E0075FAB7 = {
						CreatedOnToolsVersion = 16.0;
					};
					CB701A1C2C5CF93500019344 = {
						CreatedOnToolsVersion = 15.4;
					};
					CB701A4E2C67077400019344 = {
						CreatedOnToolsVersion = 15.4;
					};
					CB7B9CD92C9E8678004383C7 = {
						CreatedOnToolsVersion = 16.0;
					};
					CB97478B2F41BCCF00CFFF76 = {
						CreatedOnToolsVersion = 26.0.1;
					};
					CB9C60662C5AF76E00DAE1E3 = {
						CreatedOnToolsVersion = 15.4;
					};
					CBD2BB102C6C269800BA9A36 = {
						CreatedOnToolsVersion = 15.4;
					};
				};
			};
			buildConfigurationList = CB9C60622C5AF76E00DAE1E3 /* Build configuration list for PBXProject "Nezha Mobile" */;
			compatibilityVersion = "Xcode 14.0";
			developmentRegion = en;
			hasScannedForEncodings = 0;
			knownRegions = (
				en,
				Base,
				"zh-Hans",
			);
			mainGroup = CB9C605E2C5AF76E00DAE1E3;
			packageReferences = (
				CBDAC3C82C7B2DCE002AA675 /* XCRemoteSwiftPackageReference "Cache" */,
				CBED10592CFE7FEB004DAD8D /* XCRemoteSwiftPackageReference "SwiftyJSON" */,
				CB1141FF2D0D17DC00A63CE7 /* XCRemoteSwiftPackageReference "keychain-swift" */,
				CBD9BA282EFBC633002B5394 /* XCRemoteSwiftPackageReference "SwiftSDK" */,
			);
			productRefGroup = CB9C60682C5AF76E00DAE1E3 /* Products */;
			projectDirPath = "";
			projectRoot = "";
			targets = (
				CB9C60662C5AF76E00DAE1E3 /* Nezha Mobile */,
				CB701A4E2C67077400019344 /* Nezha Watch */,
				CBD2BB102C6C269800BA9A36 /* Nezha Desktop */,
				CB0D2C002CC77E1E0075FAB7 /* Nezha Vision */,
				CB701A1C2C5CF93500019344 /* Nezha Widget */,
				CB97478B2F41BCCF00CFFF76 /* Nezha Watch Widget */,
				CB7B9CD92C9E8678004383C7 /* Nezha Notification Service */,
			);
		};
/* End PBXProject section */

/* Begin PBXResourcesBuildPhase section */
		CB0D2BFF2CC77E1E0075FAB7 /* Resources */ = {
			isa = PBXResourcesBuildPhase;
			buildActionMask = 2147483647;
			files = (
			);
			runOnlyForDeploymentPostprocessing = 0;
		};
		CB701A1B2C5CF93500019344 /* Resources */ = {
			isa = PBXResourcesBuildPhase;
			buildActionMask = 2147483647;
			files = (
			);
			runOnlyForDeploymentPostprocessing = 0;
		};
		CB701A4D2C67077400019344 /* Resources */ = {
			isa = PBXResourcesBuildPhase;
			buildActionMask = 2147483647;
			files = (
			);
			runOnlyForDeploymentPostprocessing = 0;
		};
		CB7B9CD82C9E8678004383C7 /* Resources */ = {
			isa = PBXResourcesBuildPhase;
			buildActionMask = 2147483647;
			files = (
			);
			runOnlyForDeploymentPostprocessing = 0;
		};
		CB97478A2F41BCCF00CFFF76 /* Resources */ = {
			isa = PBXResourcesBuildPhase;
			buildActionMask = 2147483647;
			files = (
			);
			runOnlyForDeploymentPostprocessing = 0;
		};
		CB9C60652C5AF76E00DAE1E3 /* Resources */ = {
			isa = PBXResourcesBuildPhase;
			buildActionMask = 2147483647;
			files = (
			);
			runOnlyForDeploymentPostprocessing = 0;
		};
		CBD2BB0F2C6C269800BA9A36 /* Resources */ = {
			isa = PBXResourcesBuildPhase;
			buildActionMask = 2147483647;
			files = (
			);
			runOnlyForDeploymentPostprocessing = 0;
		};
/* End PBXResourcesBuildPhase section */

/* Begin PBXSourcesBuildPhase section */
		CB0D2BFD2CC77E1E0075FAB7 /* Sources */ = {
			isa = PBXSourcesBuildPhase;
			buildActionMask = 2147483647;
			files = (
			);
			runOnlyForDeploymentPostprocessing = 0;
		};
		CB701A192C5CF93500019344 /* Sources */ = {
			isa = PBXSourcesBuildPhase;
			buildActionMask = 2147483647;
			files = (
			);
			runOnlyForDeploymentPostprocessing = 0;
		};
		CB701A4B2C67077400019344 /* Sources */ = {
			isa = PBXSourcesBuildPhase;
			buildActionMask = 2147483647;
			files = (
			);
			runOnlyForDeploymentPostprocessing = 0;
		};
		CB7B9CD62C9E8678004383C7 /* Sources */ = {
			isa = PBXSourcesBuildPhase;
			buildActionMask = 2147483647;
			files = (
			);
			runOnlyForDeploymentPostprocessing = 0;
		};
		CB9747882F41BCCF00CFFF76 /* Sources */ = {
			isa = PBXSourcesBuildPhase;
			buildActionMask = 2147483647;
			files = (
			);
			runOnlyForDeploymentPostprocessing = 0;
		};
		CB9C60632C5AF76E00DAE1E3 /* Sources */ = {
			isa = PBXSourcesBuildPhase;
			buildActionMask = 2147483647;
			files = (
				CBD9BA342EFE4820002B5394 /* README_zh.md in Sources */,
			);
			runOnlyForDeploymentPostprocessing = 0;
		};
		CBD2BB0D2C6C269800BA9A36 /* Sources */ = {
			isa = PBXSourcesBuildPhase;
			buildActionMask = 2147483647;
			files = (
			);
			runOnlyForDeploymentPostprocessing = 0;
		};
/* End PBXSourcesBuildPhase section */

/* Begin PBXTargetDependency section */
		CB7B9CE02C9E8678004383C7 /* PBXTargetDependency */ = {
			isa = PBXTargetDependency;
			target = CB7B9CD92C9E8678004383C7 /* Nezha Notification Service */;
			targetProxy = CB7B9CDF2C9E8678004383C7 /* PBXContainerItemProxy */;
		};
		CB9747732F41B80D00CFFF76 /* PBXTargetDependency */ = {
			isa = PBXTargetDependency;
			target = CB701A1C2C5CF93500019344 /* Nezha Widget */;
			targetProxy = CB9747722F41B80D00CFFF76 /* PBXContainerItemProxy */;
		};
		CB97477A2F41B81400CFFF76 /* PBXTargetDependency */ = {
			isa = PBXTargetDependency;
			target = CB701A1C2C5CF93500019344 /* Nezha Widget */;
			targetProxy = CB9747792F41B81400CFFF76 /* PBXContainerItemProxy */;
		};
		CB9747982F41BCD000CFFF76 /* PBXTargetDependency */ = {
			isa = PBXTargetDependency;
			target = CB97478B2F41BCCF00CFFF76 /* Nezha Watch Widget */;
			targetProxy = CB9747972F41BCD000CFFF76 /* PBXContainerItemProxy */;
		};
		CBED0F932CFAB2CE004DAD8D /* PBXTargetDependency */ = {
			isa = PBXTargetDependency;
			target = CB701A4E2C67077400019344 /* Nezha Watch */;
			targetProxy = CBED0F922CFAB2CE004DAD8D /* PBXContainerItemProxy */;
		};
		CBED0F962CFAB92E004DAD8D /* PBXTargetDependency */ = {
			isa = PBXTargetDependency;
			target = CB701A1C2C5CF93500019344 /* Nezha Widget */;
			targetProxy = CBED0F952CFAB92E004DAD8D /* PBXContainerItemProxy */;
		};
/* End PBXTargetDependency section */

/* Begin XCBuildConfiguration section */
		CB0D2C112CC77E200075FAB7 /* Debug */ = {
			isa = XCBuildConfiguration;
			buildSettings = {
				ASSETCATALOG_COMPILER_APPICON_NAME = AppIcon;
				ASSETCATALOG_COMPILER_GLOBAL_ACCENT_COLOR_NAME = AccentColor;
				CODE_SIGN_ENTITLEMENTS = "Nezha Vision/Nezha Vision.entitlements";
				CODE_SIGN_STYLE = Automatic;
				CURRENT_PROJECT_VERSION = 167;
				DEVELOPMENT_ASSET_PATHS = "";
				ENABLE_PREVIEWS = YES;
				GENERATE_INFOPLIST_FILE = YES;
				INFOPLIST_FILE = "$(TARGET_NAME)/Info.plist";
				INFOPLIST_KEY_CFBundleDisplayName = Nezha;
				INFOPLIST_KEY_LSApplicationCategoryType = "public.app-category.developer-tools";
				LD_RUNPATH_SEARCH_PATHS = (
					"$(inherited)",
					"@executable_path/Frameworks",
				);
				MARKETING_VERSION = 2.0;
				PRODUCT_BUNDLE_IDENTIFIER = "com.argsment.Nezha-Mobile";
				PRODUCT_NAME = "$(TARGET_NAME)";
				SDKROOT = xros;
				SUPPORTED_PLATFORMS = "xros xrsimulator";
				SWIFT_EMIT_LOC_STRINGS = YES;
				SWIFT_VERSION = 5.0;
				TARGETED_DEVICE_FAMILY = 7;
				XROS_DEPLOYMENT_TARGET = 1.0;
			};
			name = Debug;
		};
		CB0D2C122CC77E200075FAB7 /* Release */ = {
			isa = XCBuildConfiguration;
			buildSettings = {
				ASSETCATALOG_COMPILER_APPICON_NAME = AppIcon;
				ASSETCATALOG_COMPILER_GLOBAL_ACCENT_COLOR_NAME = AccentColor;
				CODE_SIGN_ENTITLEMENTS = "Nezha Vision/Nezha Vision.entitlements";
				CODE_SIGN_STYLE = Automatic;
				CURRENT_PROJECT_VERSION = 167;
				DEVELOPMENT_ASSET_PATHS = "";
				ENABLE_PREVIEWS = YES;
				GENERATE_INFOPLIST_FILE = YES;
				INFOPLIST_FILE = "$(TARGET_NAME)/Info.plist";
				INFOPLIST_KEY_CFBundleDisplayName = Nezha;
				INFOPLIST_KEY_LSApplicationCategoryType = "public.app-category.developer-tools";
				LD_RUNPATH_SEARCH_PATHS = (
					"$(inherited)",
					"@executable_path/Frameworks",
				);
				MARKETING_VERSION = 2.0;
				PRODUCT_BUNDLE_IDENTIFIER = "com.argsment.Nezha-Mobile";
				PRODUCT_NAME = "$(TARGET_NAME)";
				SDKROOT = xros;
				SUPPORTED_PLATFORMS = "xros xrsimulator";
				SWIFT_EMIT_LOC_STRINGS = YES;
				SWIFT_VERSION = 5.0;
				TARGETED_DEVICE_FAMILY = 7;
				VALIDATE_PRODUCT = YES;
				XROS_DEPLOYMENT_TARGET = 1.0;
			};
			name = Release;
		};
		CB701A312C5CF93600019344 /* Debug */ = {
			isa = XCBuildConfiguration;
			buildSettings = {
				ASSETCATALOG_COMPILER_GLOBAL_ACCENT_COLOR_NAME = AccentColor;
				ASSETCATALOG_COMPILER_WIDGET_BACKGROUND_COLOR_NAME = WidgetBackground;
				CODE_SIGN_ENTITLEMENTS = "Nezha Widget/Nezha Widget.entitlements";
				CODE_SIGN_STYLE = Automatic;
				CURRENT_PROJECT_VERSION = 167;
				ENABLE_APP_SANDBOX = YES;
				ENABLE_OUTGOING_NETWORK_CONNECTIONS = YES;
				GENERATE_INFOPLIST_FILE = YES;
				INFOPLIST_FILE = "Nezha Widget/Info.plist";
				INFOPLIST_KEY_CFBundleDisplayName = "Nezha Widget";
				INFOPLIST_KEY_NSHumanReadableCopyright = "";
				IPHONEOS_DEPLOYMENT_TARGET = 17.0;
				LD_RUNPATH_SEARCH_PATHS = (
					"$(inherited)",
					"@executable_path/Frameworks",
					"@executable_path/../../Frameworks",
				);
				MACOSX_DEPLOYMENT_TARGET = 14.0;
				MARKETING_VERSION = 2.0;
				PRODUCT_BUNDLE_IDENTIFIER = "com.argsment.Nezha-Mobile.Widget";
				PRODUCT_NAME = "$(TARGET_NAME)";
				REGISTER_APP_GROUPS = YES;
				SDKROOT = iphoneos;
				SKIP_INSTALL = YES;
				SUPPORTED_PLATFORMS = "iphoneos iphonesimulator macosx xros xrsimulator";
				SUPPORTS_MACCATALYST = NO;
				SUPPORTS_MAC_DESIGNED_FOR_IPHONE_IPAD = NO;
				SUPPORTS_XR_DESIGNED_FOR_IPHONE_IPAD = NO;
				SWIFT_EMIT_LOC_STRINGS = YES;
				SWIFT_VERSION = 5.0;
				TARGETED_DEVICE_FAMILY = "1,2,7";
				WATCHOS_DEPLOYMENT_TARGET = 10.0;
				XROS_DEPLOYMENT_TARGET = 26.0;
			};
			name = Debug;
		};
		CB701A322C5CF93600019344 /* Release */ = {
			isa = XCBuildConfiguration;
			buildSettings = {
				ASSETCATALOG_COMPILER_GLOBAL_ACCENT_COLOR_NAME = AccentColor;
				ASSETCATALOG_COMPILER_WIDGET_BACKGROUND_COLOR_NAME = WidgetBackground;
				CODE_SIGN_ENTITLEMENTS = "Nezha Widget/Nezha Widget.entitlements";
				CODE_SIGN_STYLE = Automatic;
				CURRENT_PROJECT_VERSION = 167;
				ENABLE_APP_SANDBOX = YES;
				ENABLE_OUTGOING_NETWORK_CONNECTIONS = YES;
				GENERATE_INFOPLIST_FILE = YES;
				INFOPLIST_FILE = "Nezha Widget/Info.plist";
				INFOPLIST_KEY_CFBundleDisplayName = "Nezha Widget";
				INFOPLIST_KEY_NSHumanReadableCopyright = "";
				IPHONEOS_DEPLOYMENT_TARGET = 17.0;
				LD_RUNPATH_SEARCH_PATHS = (
					"$(inherited)",
					"@executable_path/Frameworks",
					"@executable_path/../../Frameworks",
				);
				MACOSX_DEPLOYMENT_TARGET = 14.0;
				MARKETING_VERSION = 2.0;
				PRODUCT_BUNDLE_IDENTIFIER = "com.argsment.Nezha-Mobile.Widget";
				PRODUCT_NAME = "$(TARGET_NAME)";
				REGISTER_APP_GROUPS = YES;
				SDKROOT = iphoneos;
				SKIP_INSTALL = YES;
				SUPPORTED_PLATFORMS = "iphoneos iphonesimulator macosx xros xrsimulator";
				SUPPORTS_MACCATALYST = NO;
				SUPPORTS_MAC_DESIGNED_FOR_IPHONE_IPAD = NO;
				SUPPORTS_XR_DESIGNED_FOR_IPHONE_IPAD = NO;
				SWIFT_EMIT_LOC_STRINGS = YES;
				SWIFT_VERSION = 5.0;
				TARGETED_DEVICE_FAMILY = "1,2,7";
				VALIDATE_PRODUCT = YES;
				WATCHOS_DEPLOYMENT_TARGET = 10.0;
				XROS_DEPLOYMENT_TARGET = 26.0;
			};
			name = Release;
		};
		CB701A5E2C67077600019344 /* Debug */ = {
			isa = XCBuildConfiguration;
			buildSettings = {
				ASSETCATALOG_COMPILER_APPICON_NAME = AppIcon;
				ASSETCATALOG_COMPILER_GLOBAL_ACCENT_COLOR_NAME = AccentColor;
				CODE_SIGN_ENTITLEMENTS = "Nezha Watch/Nezha Watch.entitlements";
				CODE_SIGN_STYLE = Automatic;
				CURRENT_PROJECT_VERSION = 167;
				DEVELOPMENT_ASSET_PATHS = "";
				ENABLE_PREVIEWS = YES;
				GENERATE_INFOPLIST_FILE = YES;
				INFOPLIST_FILE = "Nezha Watch/Info.plist";
				INFOPLIST_KEY_CFBundleDisplayName = Nezha;
				INFOPLIST_KEY_UISupportedInterfaceOrientations = "UIInterfaceOrientationPortrait UIInterfaceOrientationPortraitUpsideDown";
				INFOPLIST_KEY_WKCompanionAppBundleIdentifier = "com.argsment.Nezha-Mobile";
				INFOPLIST_KEY_WKRunsIndependentlyOfCompanionApp = YES;
				LD_RUNPATH_SEARCH_PATHS = (
					"$(inherited)",
					"@executable_path/Frameworks",
				);
				MARKETING_VERSION = 2.0;
				PRODUCT_BUNDLE_IDENTIFIER = "com.argsment.Nezha-Mobile.watchkitapp";
				PRODUCT_NAME = "$(TARGET_NAME)";
				SDKROOT = watchos;
				SKIP_INSTALL = YES;
				SWIFT_EMIT_LOC_STRINGS = YES;
				SWIFT_VERSION = 5.0;
				TARGETED_DEVICE_FAMILY = 4;
				WATCHOS_DEPLOYMENT_TARGET = 10.0;
			};
			name = Debug;
		};
		CB701A5F2C67077600019344 /* Release */ = {
			isa = XCBuildConfiguration;
			buildSettings = {
				ASSETCATALOG_COMPILER_APPICON_NAME = AppIcon;
				ASSETCATALOG_COMPILER_GLOBAL_ACCENT_COLOR_NAME = AccentColor;
				CODE_SIGN_ENTITLEMENTS = "Nezha Watch/Nezha Watch.entitlements";
				CODE_SIGN_STYLE = Automatic;
				CURRENT_PROJECT_VERSION = 167;
				DEVELOPMENT_ASSET_PATHS = "";
				ENABLE_PREVIEWS = YES;
				GENERATE_INFOPLIST_FILE = YES;
				INFOPLIST_FILE = "Nezha Watch/Info.plist";
				INFOPLIST_KEY_CFBundleDisplayName = Nezha;
				INFOPLIST_KEY_UISupportedInterfaceOrientations = "UIInterfaceOrientationPortrait UIInterfaceOrientationPortraitUpsideDown";
				INFOPLIST_KEY_WKCompanionAppBundleIdentifier = "com.argsment.Nezha-Mobile";
				INFOPLIST_KEY_WKRunsIndependentlyOfCompanionApp = YES;
				LD_RUNPATH_SEARCH_PATHS = (
					"$(inherited)",
					"@executable_path/Frameworks",
				);
				MARKETING_VERSION = 2.0;
				PRODUCT_BUNDLE_IDENTIFIER = "com.argsment.Nezha-Mobile.watchkitapp";
				PRODUCT_NAME = "$(TARGET_NAME)";
				SDKROOT = watchos;
				SKIP_INSTALL = YES;
				SWIFT_EMIT_LOC_STRINGS = YES;
				SWIFT_VERSION = 5.0;
				TARGETED_DEVICE_FAMILY = 4;
				VALIDATE_PRODUCT = YES;
				WATCHOS_DEPLOYMENT_TARGET = 10.0;
			};
			name = Release;
		};
		CB7B9CE22C9E8678004383C7 /* Debug */ = {
			isa = XCBuildConfiguration;
			buildSettings = {
				CODE_SIGN_ENTITLEMENTS = "Notification Service/Notification Service.entitlements";
				CODE_SIGN_STYLE = Automatic;
				CURRENT_PROJECT_VERSION = 167;
				ENABLE_APP_SANDBOX = YES;
				ENABLE_HARDENED_RUNTIME = YES;
				ENABLE_OUTGOING_NETWORK_CONNECTIONS = YES;
				GENERATE_INFOPLIST_FILE = YES;
				INFOPLIST_FILE = "Notification Service/Info.plist";
				INFOPLIST_KEY_CFBundleDisplayName = "Nezha Notification Service";
				INFOPLIST_KEY_NSHumanReadableCopyright = "";
				IPHONEOS_DEPLOYMENT_TARGET = 17.0;
				LD_RUNPATH_SEARCH_PATHS = (
					"$(inherited)",
					"@executable_path/Frameworks",
					"@executable_path/../../Frameworks",
				);
				MACOSX_DEPLOYMENT_TARGET = 14.0;
				MARKETING_VERSION = 2.0;
				PRODUCT_BUNDLE_IDENTIFIER = "com.argsment.Nezha-Mobile.Notification-Service";
				PRODUCT_NAME = "$(TARGET_NAME)";
				REGISTER_APP_GROUPS = YES;
				SDKROOT = iphoneos;
				SKIP_INSTALL = YES;
				SUPPORTED_PLATFORMS = "iphoneos iphonesimulator";
				SUPPORTS_MACCATALYST = NO;
				SUPPORTS_MAC_DESIGNED_FOR_IPHONE_IPAD = NO;
				SUPPORTS_XR_DESIGNED_FOR_IPHONE_IPAD = NO;
				SWIFT_EMIT_LOC_STRINGS = YES;
				SWIFT_VERSION = 5.0;
				TARGETED_DEVICE_FAMILY = "1,2";
				WATCHOS_DEPLOYMENT_TARGET = 10.0;
				XROS_DEPLOYMENT_TARGET = 1.0;
			};
			name = Debug;
		};
		CB7B9CE32C9E8678004383C7 /* Release */ = {
			isa = XCBuildConfiguration;
			buildSettings = {
				CODE_SIGN_ENTITLEMENTS = "Notification Service/Notification Service.entitlements";
				CODE_SIGN_STYLE = Automatic;
				CURRENT_PROJECT_VERSION = 167;
				ENABLE_APP_SANDBOX = YES;
				ENABLE_HARDENED_RUNTIME = YES;
				ENABLE_OUTGOING_NETWORK_CONNECTIONS = YES;
				GENERATE_INFOPLIST_FILE = YES;
				INFOPLIST_FILE = "Notification Service/Info.plist";
				INFOPLIST_KEY_CFBundleDisplayName = "Nezha Notification Service";
				INFOPLIST_KEY_NSHumanReadableCopyright = "";
				IPHONEOS_DEPLOYMENT_TARGET = 17.0;
				LD_RUNPATH_SEARCH_PATHS = (
					"$(inherited)",
					"@executable_path/Frameworks",
					"@executable_path/../../Frameworks",
				);
				MACOSX_DEPLOYMENT_TARGET = 14.0;
				MARKETING_VERSION = 2.0;
				PRODUCT_BUNDLE_IDENTIFIER = "com.argsment.Nezha-Mobile.Notification-Service";
				PRODUCT_NAME = "$(TARGET_NAME)";
				REGISTER_APP_GROUPS = YES;
				SDKROOT = iphoneos;
				SKIP_INSTALL = YES;
				SUPPORTED_PLATFORMS = "iphoneos iphonesimulator";
				SUPPORTS_MACCATALYST = NO;
				SUPPORTS_MAC_DESIGNED_FOR_IPHONE_IPAD = NO;
				SUPPORTS_XR_DESIGNED_FOR_IPHONE_IPAD = NO;
				SWIFT_EMIT_LOC_STRINGS = YES;
				SWIFT_VERSION = 5.0;
				TARGETED_DEVICE_FAMILY = "1,2";
				VALIDATE_PRODUCT = YES;
				WATCHOS_DEPLOYMENT_TARGET = 10.0;
				XROS_DEPLOYMENT_TARGET = 1.0;
			};
			name = Release;
		};
		CB97479C2F41BCD000CFFF76 /* Debug */ = {
			isa = XCBuildConfiguration;
			buildSettings = {
				ASSETCATALOG_COMPILER_GLOBAL_ACCENT_COLOR_NAME = AccentColor;
				ASSETCATALOG_COMPILER_WIDGET_BACKGROUND_COLOR_NAME = WidgetBackground;
				CODE_SIGN_ENTITLEMENTS = "Nezha Widget/Nezha Widget.entitlements";
				CODE_SIGN_STYLE = Automatic;
				CURRENT_PROJECT_VERSION = 167;
				GENERATE_INFOPLIST_FILE = YES;
				INFOPLIST_FILE = "Nezha Widget/Info.plist";
				INFOPLIST_KEY_CFBundleDisplayName = Widget;
				INFOPLIST_KEY_NSHumanReadableCopyright = "";
				LD_RUNPATH_SEARCH_PATHS = (
					"$(inherited)",
					"@executable_path/Frameworks",
					"@executable_path/../../Frameworks",
					"@executable_path/../../../../Frameworks",
				);
				MARKETING_VERSION = 2.0;
				PRODUCT_BUNDLE_IDENTIFIER = "com.argsment.Nezha-Mobile.watchkitapp.Widget";
				PRODUCT_NAME = "$(TARGET_NAME)";
				SDKROOT = watchos;
				SKIP_INSTALL = YES;
				STRING_CATALOG_GENERATE_SYMBOLS = YES;
				SWIFT_APPROACHABLE_CONCURRENCY = YES;
				SWIFT_EMIT_LOC_STRINGS = YES;
				SWIFT_UPCOMING_FEATURE_MEMBER_IMPORT_VISIBILITY = YES;
				SWIFT_VERSION = 5.0;
				TARGETED_DEVICE_FAMILY = 4;
				WATCHOS_DEPLOYMENT_TARGET = 10.0;
			};
			name = Debug;
		};
		CB97479D2F41BCD000CFFF76 /* Release */ = {
			isa = XCBuildConfiguration;
			buildSettings = {
				ASSETCATALOG_COMPILER_GLOBAL_ACCENT_COLOR_NAME = AccentColor;
				ASSETCATALOG_COMPILER_WIDGET_BACKGROUND_COLOR_NAME = WidgetBackground;
				CODE_SIGN_ENTITLEMENTS = "Nezha Widget/Nezha Widget.entitlements";
				CODE_SIGN_STYLE = Automatic;
				CURRENT_PROJECT_VERSION = 167;
				GENERATE_INFOPLIST_FILE = YES;
				INFOPLIST_FILE = "Nezha Widget/Info.plist";
				INFOPLIST_KEY_CFBundleDisplayName = Widget;
				INFOPLIST_KEY_NSHumanReadableCopyright = "";
				LD_RUNPATH_SEARCH_PATHS = (
					"$(inherited)",
					"@executable_path/Frameworks",
					"@executable_path/../../Frameworks",
					"@executable_path/../../../../Frameworks",
				);
				MARKETING_VERSION = 2.0;
				PRODUCT_BUNDLE_IDENTIFIER = "com.argsment.Nezha-Mobile.watchkitapp.Widget";
				PRODUCT_NAME = "$(TARGET_NAME)";
				SDKROOT = watchos;
				SKIP_INSTALL = YES;
				STRING_CATALOG_GENERATE_SYMBOLS = YES;
				SWIFT_APPROACHABLE_CONCURRENCY = YES;
				SWIFT_EMIT_LOC_STRINGS = YES;
				SWIFT_UPCOMING_FEATURE_MEMBER_IMPORT_VISIBILITY = YES;
				SWIFT_VERSION = 5.0;
				TARGETED_DEVICE_FAMILY = 4;
				VALIDATE_PRODUCT = YES;
				WATCHOS_DEPLOYMENT_TARGET = 10.0;
			};
			name = Release;
		};
		CB9C60762C5AF76F00DAE1E3 /* Debug */ = {
			isa = XCBuildConfiguration;
			buildSettings = {
				ALWAYS_SEARCH_USER_PATHS = NO;
				ASSETCATALOG_COMPILER_GENERATE_SWIFT_ASSET_SYMBOL_EXTENSIONS = YES;
				CLANG_ANALYZER_LOCALIZABILITY_NONLOCALIZED = YES;
				CLANG_ANALYZER_NONNULL = YES;
				CLANG_ANALYZER_NUMBER_OBJECT_CONVERSION = YES_AGGRESSIVE;
				CLANG_CXX_LANGUAGE_STANDARD = "gnu++20";
				CLANG_ENABLE_MODULES = YES;
				CLANG_ENABLE_OBJC_ARC = YES;
				CLANG_ENABLE_OBJC_WEAK = YES;
				CLANG_WARN_BLOCK_CAPTURE_AUTORELEASING = YES;
				CLANG_WARN_BOOL_CONVERSION = YES;
				CLANG_WARN_COMMA = YES;
				CLANG_WARN_CONSTANT_CONVERSION = YES;
				CLANG_WARN_DEPRECATED_OBJC_IMPLEMENTATIONS = YES;
				CLANG_WARN_DIRECT_OBJC_ISA_USAGE = YES_ERROR;
				CLANG_WARN_DOCUMENTATION_COMMENTS = YES;
				CLANG_WARN_EMPTY_BODY = YES;
				CLANG_WARN_ENUM_CONVERSION = YES;
				CLANG_WARN_INFINITE_RECURSION = YES;
				CLANG_WARN_INT_CONVERSION = YES;
				CLANG_WARN_NON_LITERAL_NULL_CONVERSION = YES;
				CLANG_WARN_OBJC_IMPLICIT_RETAIN_SELF = YES;
				CLANG_WARN_OBJC_LITERAL_CONVERSION = YES;
				CLANG_WARN_OBJC_ROOT_CLASS = YES_ERROR;
				CLANG_WARN_QUOTED_INCLUDE_IN_FRAMEWORK_HEADER = YES;
				CLANG_WARN_RANGE_LOOP_ANALYSIS = YES;
				CLANG_WARN_STRICT_PROTOTYPES = YES;
				CLANG_WARN_SUSPICIOUS_MOVE = YES;
				CLANG_WARN_UNGUARDED_AVAILABILITY = YES_AGGRESSIVE;
				CLANG_WARN_UNREACHABLE_CODE = YES;
				CLANG_WARN__DUPLICATE_METHOD_MATCH = YES;
				COPY_PHASE_STRIP = NO;
				DEAD_CODE_STRIPPING = YES;
				DEBUG_INFORMATION_FORMAT = dwarf;
				DEVELOPMENT_TEAM = C7AS5D38Q8;
				ENABLE_STRICT_OBJC_MSGSEND = YES;
				ENABLE_TESTABILITY = YES;
				ENABLE_USER_SCRIPT_SANDBOXING = YES;
				GCC_C_LANGUAGE_STANDARD = gnu17;
				GCC_DYNAMIC_NO_PIC = NO;
				GCC_NO_COMMON_BLOCKS = YES;
				GCC_OPTIMIZATION_LEVEL = 0;
				GCC_PREPROCESSOR_DEFINITIONS = (
					"DEBUG=1",
					"$(inherited)",
				);
				GCC_WARN_64_TO_32_BIT_CONVERSION = YES;
				GCC_WARN_ABOUT_RETURN_TYPE = YES_ERROR;
				GCC_WARN_UNDECLARED_SELECTOR = YES;
				GCC_WARN_UNINITIALIZED_AUTOS = YES_AGGRESSIVE;
				GCC_WARN_UNUSED_FUNCTION = YES;
				GCC_WARN_UNUSED_VARIABLE = YES;
				LOCALIZATION_PREFERS_STRING_CATALOGS = YES;
				MTL_ENABLE_DEBUG_INFO = INCLUDE_SOURCE;
				MTL_FAST_MATH = YES;
				ONLY_ACTIVE_ARCH = YES;
				STRING_CATALOG_GENERATE_SYMBOLS = YES;
				SWIFT_ACTIVE_COMPILATION_CONDITIONS = "DEBUG $(inherited)";
				SWIFT_OPTIMIZATION_LEVEL = "-Onone";
			};
			name = Debug;
		};
		CB9C60772C5AF76F00DAE1E3 /* Release */ = {
			isa = XCBuildConfiguration;
			buildSettings = {
				ALWAYS_SEARCH_USER_PATHS = NO;
				ASSETCATALOG_COMPILER_GENERATE_SWIFT_ASSET_SYMBOL_EXTENSIONS = YES;
				CLANG_ANALYZER_LOCALIZABILITY_NONLOCALIZED = YES;
				CLANG_ANALYZER_NONNULL = YES;
				CLANG_ANALYZER_NUMBER_OBJECT_CONVERSION = YES_AGGRESSIVE;
				CLANG_CXX_LANGUAGE_STANDARD = "gnu++20";
				CLANG_ENABLE_MODULES = YES;
				CLANG_ENABLE_OBJC_ARC = YES;
				CLANG_ENABLE_OBJC_WEAK = YES;
				CLANG_WARN_BLOCK_CAPTURE_AUTORELEASING = YES;
				CLANG_WARN_BOOL_CONVERSION = YES;
				CLANG_WARN_COMMA = YES;
				CLANG_WARN_CONSTANT_CONVERSION = YES;
				CLANG_WARN_DEPRECATED_OBJC_IMPLEMENTATIONS = YES;
				CLANG_WARN_DIRECT_OBJC_ISA_USAGE = YES_ERROR;
				CLANG_WARN_DOCUMENTATION_COMMENTS = YES;
				CLANG_WARN_EMPTY_BODY = YES;
				CLANG_WARN_ENUM_CONVERSION = YES;
				CLANG_WARN_INFINITE_RECURSION = YES;
				CLANG_WARN_INT_CONVERSION = YES;
				CLANG_WARN_NON_LITERAL_NULL_CONVERSION = YES;
				CLANG_WARN_OBJC_IMPLICIT_RETAIN_SELF = YES;
				CLANG_WARN_OBJC_LITERAL_CONVERSION = YES;
				CLANG_WARN_OBJC_ROOT_CLASS = YES_ERROR;
				CLANG_WARN_QUOTED_INCLUDE_IN_FRAMEWORK_HEADER = YES;
				CLANG_WARN_RANGE_LOOP_ANALYSIS = YES;
				CLANG_WARN_STRICT_PROTOTYPES = YES;
				CLANG_WARN_SUSPICIOUS_MOVE = YES;
				CLANG_WARN_UNGUARDED_AVAILABILITY = YES_AGGRESSIVE;
				CLANG_WARN_UNREACHABLE_CODE = YES;
				CLANG_WARN__DUPLICATE_METHOD_MATCH = YES;
				COPY_PHASE_STRIP = NO;
				DEAD_CODE_STRIPPING = YES;
				DEBUG_INFORMATION_FORMAT = "dwarf-with-dsym";
				DEVELOPMENT_TEAM = C7AS5D38Q8;
				ENABLE_NS_ASSERTIONS = NO;
				ENABLE_STRICT_OBJC_MSGSEND = YES;
				ENABLE_USER_SCRIPT_SANDBOXING = YES;
				GCC_C_LANGUAGE_STANDARD = gnu17;
				GCC_NO_COMMON_BLOCKS = YES;
				GCC_WARN_64_TO_32_BIT_CONVERSION = YES;
				GCC_WARN_ABOUT_RETURN_TYPE = YES_ERROR;
				GCC_WARN_UNDECLARED_SELECTOR = YES;
				GCC_WARN_UNINITIALIZED_AUTOS = YES_AGGRESSIVE;
				GCC_WARN_UNUSED_FUNCTION = YES;
				GCC_WARN_UNUSED_VARIABLE = YES;
				LOCALIZATION_PREFERS_STRING_CATALOGS = YES;
				MTL_ENABLE_DEBUG_INFO = NO;
				MTL_FAST_MATH = YES;
				STRING_CATALOG_GENERATE_SYMBOLS = YES;
				SWIFT_COMPILATION_MODE = wholemodule;
			};
			name = Release;
		};
		CB9C60792C5AF76F00DAE1E3 /* Debug */ = {
			isa = XCBuildConfiguration;
			buildSettings = {
				ASSETCATALOG_COMPILER_APPICON_NAME = AppIcon;
				ASSETCATALOG_COMPILER_GLOBAL_ACCENT_COLOR_NAME = AccentColor;
				CODE_SIGN_ENTITLEMENTS = "Nezha Mobile/Nezha Mobile.entitlements";
				CODE_SIGN_STYLE = Automatic;
				CURRENT_PROJECT_VERSION = 167;
				DEAD_CODE_STRIPPING = YES;
				DEVELOPMENT_ASSET_PATHS = "";
				ENABLE_PREVIEWS = YES;
				GENERATE_INFOPLIST_FILE = YES;
				INFOPLIST_FILE = "Nezha Mobile/Info.plist";
				INFOPLIST_KEY_CFBundleDisplayName = Nezha;
				INFOPLIST_KEY_LSApplicationCategoryType = "public.app-category.developer-tools";
				INFOPLIST_KEY_NSSupportsLiveActivities = YES;
				"INFOPLIST_KEY_UIApplicationSceneManifest_Generation[sdk=iphoneos*]" = YES;
				"INFOPLIST_KEY_UIApplicationSceneManifest_Generation[sdk=iphonesimulator*]" = YES;
				"INFOPLIST_KEY_UIApplicationSupportsIndirectInputEvents[sdk=iphoneos*]" = YES;
				"INFOPLIST_KEY_UIApplicationSupportsIndirectInputEvents[sdk=iphonesimulator*]" = YES;
				"INFOPLIST_KEY_UILaunchScreen_Generation[sdk=iphoneos*]" = YES;
				"INFOPLIST_KEY_UILaunchScreen_Generation[sdk=iphonesimulator*]" = YES;
				"INFOPLIST_KEY_UIStatusBarStyle[sdk=iphoneos*]" = UIStatusBarStyleDefault;
				"INFOPLIST_KEY_UIStatusBarStyle[sdk=iphonesimulator*]" = UIStatusBarStyleDefault;
				INFOPLIST_KEY_UISupportedInterfaceOrientations = "UIInterfaceOrientationLandscapeLeft UIInterfaceOrientationLandscapeRight UIInterfaceOrientationPortrait";
				INFOPLIST_KEY_UISupportedInterfaceOrientations_iPad = "UIInterfaceOrientationLandscapeLeft UIInterfaceOrientationLandscapeRight UIInterfaceOrientationPortrait UIInterfaceOrientationPortraitUpsideDown";
				IPHONEOS_DEPLOYMENT_TARGET = 17.0;
				LD_RUNPATH_SEARCH_PATHS = "@executable_path/Frameworks";
				"LD_RUNPATH_SEARCH_PATHS[sdk=macosx*]" = "@executable_path/../Frameworks";
				MACOSX_DEPLOYMENT_TARGET = 14.0;
				MARKETING_VERSION = 2.0;
				PRODUCT_BUNDLE_IDENTIFIER = "com.argsment.Nezha-Mobile";
				PRODUCT_NAME = "$(TARGET_NAME)";
				SDKROOT = auto;
				SUPPORTED_PLATFORMS = "iphoneos iphonesimulator";
				SUPPORTS_MACCATALYST = NO;
				SWIFT_EMIT_LOC_STRINGS = YES;
				SWIFT_VERSION = 5.0;
				TARGETED_DEVICE_FAMILY = "1,2";
			};
			name = Debug;
		};
		CB9C607A2C5AF76F00DAE1E3 /* Release */ = {
			isa = XCBuildConfiguration;
			buildSettings = {
				ASSETCATALOG_COMPILER_APPICON_NAME = AppIcon;
				ASSETCATALOG_COMPILER_GLOBAL_ACCENT_COLOR_NAME = AccentColor;
				CODE_SIGN_ENTITLEMENTS = "Nezha Mobile/Nezha Mobile.entitlements";
				CODE_SIGN_STYLE = Automatic;
				CURRENT_PROJECT_VERSION = 167;
				DEAD_CODE_STRIPPING = YES;
				DEVELOPMENT_ASSET_PATHS = "";
				ENABLE_PREVIEWS = YES;
				GENERATE_INFOPLIST_FILE = YES;
				INFOPLIST_FILE = "Nezha Mobile/Info.plist";
				INFOPLIST_KEY_CFBundleDisplayName = Nezha;
				INFOPLIST_KEY_LSApplicationCategoryType = "public.app-category.developer-tools";
				INFOPLIST_KEY_NSSupportsLiveActivities = YES;
				"INFOPLIST_KEY_UIApplicationSceneManifest_Generation[sdk=iphoneos*]" = YES;
				"INFOPLIST_KEY_UIApplicationSceneManifest_Generation[sdk=iphonesimulator*]" = YES;
				"INFOPLIST_KEY_UIApplicationSupportsIndirectInputEvents[sdk=iphoneos*]" = YES;
				"INFOPLIST_KEY_UIApplicationSupportsIndirectInputEvents[sdk=iphonesimulator*]" = YES;
				"INFOPLIST_KEY_UILaunchScreen_Generation[sdk=iphoneos*]" = YES;
				"INFOPLIST_KEY_UILaunchScreen_Generation[sdk=iphonesimulator*]" = YES;
				"INFOPLIST_KEY_UIStatusBarStyle[sdk=iphoneos*]" = UIStatusBarStyleDefault;
				"INFOPLIST_KEY_UIStatusBarStyle[sdk=iphonesimulator*]" = UIStatusBarStyleDefault;
				INFOPLIST_KEY_UISupportedInterfaceOrientations = "UIInterfaceOrientationLandscapeLeft UIInterfaceOrientationLandscapeRight UIInterfaceOrientationPortrait";
				INFOPLIST_KEY_UISupportedInterfaceOrientations_iPad = "UIInterfaceOrientationLandscapeLeft UIInterfaceOrientationLandscapeRight UIInterfaceOrientationPortrait UIInterfaceOrientationPortraitUpsideDown";
				IPHONEOS_DEPLOYMENT_TARGET = 17.0;
				LD_RUNPATH_SEARCH_PATHS = "@executable_path/Frameworks";
				"LD_RUNPATH_SEARCH_PATHS[sdk=macosx*]" = "@executable_path/../Frameworks";
				MACOSX_DEPLOYMENT_TARGET = 14.0;
				MARKETING_VERSION = 2.0;
				PRODUCT_BUNDLE_IDENTIFIER = "com.argsment.Nezha-Mobile";
				PRODUCT_NAME = "$(TARGET_NAME)";
				SDKROOT = auto;
				SUPPORTED_PLATFORMS = "iphoneos iphonesimulator";
				SUPPORTS_MACCATALYST = NO;
				SWIFT_EMIT_LOC_STRINGS = YES;
				SWIFT_VERSION = 5.0;
				TARGETED_DEVICE_FAMILY = "1,2";
			};
			name = Release;
		};
		CBD2BB1D2C6C269900BA9A36 /* Debug */ = {
			isa = XCBuildConfiguration;
			buildSettings = {
				ASSETCATALOG_COMPILER_APPICON_NAME = AppIcon;
				ASSETCATALOG_COMPILER_GLOBAL_ACCENT_COLOR_NAME = AccentColor;
				CODE_SIGN_ENTITLEMENTS = "Nezha Desktop/Nezha Desktop.entitlements";
				CODE_SIGN_STYLE = Automatic;
				COMBINE_HIDPI_IMAGES = YES;
				CURRENT_PROJECT_VERSION = 167;
				DEAD_CODE_STRIPPING = YES;
				DEVELOPMENT_ASSET_PATHS = "";
				ENABLE_APP_SANDBOX = YES;
				ENABLE_HARDENED_RUNTIME = YES;
				ENABLE_OUTGOING_NETWORK_CONNECTIONS = YES;
				ENABLE_PREVIEWS = YES;
				GENERATE_INFOPLIST_FILE = YES;
				INFOPLIST_FILE = "Nezha Desktop/Info.plist";
				INFOPLIST_KEY_CFBundleDisplayName = Nezha;
				INFOPLIST_KEY_LSApplicationCategoryType = "public.app-category.developer-tools";
				INFOPLIST_KEY_NSHumanReadableCopyright = "Copyright © 2024 Argsment Limited.";
				LD_RUNPATH_SEARCH_PATHS = (
					"$(inherited)",
					"@executable_path/../Frameworks",
				);
				MACOSX_DEPLOYMENT_TARGET = 14.0;
				MARKETING_VERSION = 2.0;
				PRODUCT_BUNDLE_IDENTIFIER = "com.argsment.Nezha-Mobile";
				PRODUCT_NAME = "$(TARGET_NAME)";
				REGISTER_APP_GROUPS = YES;
				SDKROOT = macosx;
				SWIFT_EMIT_LOC_STRINGS = YES;
				SWIFT_VERSION = 5.0;
			};
			name = Debug;
		};
		CBD2BB1E2C6C269900BA9A36 /* Release */ = {
			isa = XCBuildConfiguration;
			buildSettings = {
				ASSETCATALOG_COMPILER_APPICON_NAME = AppIcon;
				ASSETCATALOG_COMPILER_GLOBAL_ACCENT_COLOR_NAME = AccentColor;
				CODE_SIGN_ENTITLEMENTS = "Nezha Desktop/Nezha Desktop.entitlements";
				CODE_SIGN_STYLE = Automatic;
				COMBINE_HIDPI_IMAGES = YES;
				CURRENT_PROJECT_VERSION = 167;
				DEAD_CODE_STRIPPING = YES;
				DEVELOPMENT_ASSET_PATHS = "";
				ENABLE_APP_SANDBOX = YES;
				ENABLE_HARDENED_RUNTIME = YES;
				ENABLE_OUTGOING_NETWORK_CONNECTIONS = YES;
				ENABLE_PREVIEWS = YES;
				GENERATE_INFOPLIST_FILE = YES;
				INFOPLIST_FILE = "Nezha Desktop/Info.plist";
				INFOPLIST_KEY_CFBundleDisplayName = Nezha;
				INFOPLIST_KEY_LSApplicationCategoryType = "public.app-category.developer-tools";
				INFOPLIST_KEY_NSHumanReadableCopyright = "Copyright © 2024 Argsment Limited.";
				LD_RUNPATH_SEARCH_PATHS = (
					"$(inherited)",
					"@executable_path/../Frameworks",
				);
				MACOSX_DEPLOYMENT_TARGET = 14.0;
				MARKETING_VERSION = 2.0;
				PRODUCT_BUNDLE_IDENTIFIER = "com.argsment.Nezha-Mobile";
				PRODUCT_NAME = "$(TARGET_NAME)";
				REGISTER_APP_GROUPS = YES;
				SDKROOT = macosx;
				SWIFT_EMIT_LOC_STRINGS = YES;
				SWIFT_VERSION = 5.0;
			};
			name = Release;
		};
/* End XCBuildConfiguration section */

/* Begin XCConfigurationList section */
		CB0D2C142CC77E200075FAB7 /* Build configuration list for PBXNativeTarget "Nezha Vision" */ = {
			isa = XCConfigurationList;
			buildConfigurations = (
				CB0D2C112CC77E200075FAB7 /* Debug */,
				CB0D2C122CC77E200075FAB7 /* Release */,
			);
			defaultConfigurationIsVisible = 0;
			defaultConfigurationName = Release;
		};
		CB701A302C5CF93600019344 /* Build configuration list for PBXNativeTarget "Nezha Widget" */ = {
			isa = XCConfigurationList;
			buildConfigurations = (
				CB701A312C5CF93600019344 /* Debug */,
				CB701A322C5CF93600019344 /* Release */,
			);
			defaultConfigurationIsVisible = 0;
			defaultConfigurationName = Release;
		};
		CB701A602C67077600019344 /* Build configuration list for PBXNativeTarget "Nezha Watch" */ = {
			isa = XCConfigurationList;
			buildConfigurations = (
				CB701A5E2C67077600019344 /* Debug */,
				CB701A5F2C67077600019344 /* Release */,
			);
			defaultConfigurationIsVisible = 0;
			defaultConfigurationName = Release;
		};
		CB7B9CE52C9E8678004383C7 /* Build configuration list for PBXNativeTarget "Nezha Notification Service" */ = {
			isa = XCConfigurationList;
			buildConfigurations = (
				CB7B9CE22C9E8678004383C7 /* Debug */,
				CB7B9CE32C9E8678004383C7 /* Release */,
			);
			defaultConfigurationIsVisible = 0;
			defaultConfigurationName = Release;
		};
		CB97479B2F41BCD000CFFF76 /* Build configuration list for PBXNativeTarget "Nezha Watch Widget" */ = {
			isa = XCConfigurationList;
			buildConfigurations = (
				CB97479C2F41BCD000CFFF76 /* Debug */,
				CB97479D2F41BCD000CFFF76 /* Release */,
			);
			defaultConfigurationIsVisible = 0;
			defaultConfigurationName = Release;
		};
		CB9C60622C5AF76E00DAE1E3 /* Build configuration list for PBXProject "Nezha Mobile" */ = {
			isa = XCConfigurationList;
			buildConfigurations = (
				CB9C60762C5AF76F00DAE1E3 /* Debug */,
				CB9C60772C5AF76F00DAE1E3 /* Release */,
			);
			defaultConfigurationIsVisible = 0;
			defaultConfigurationName = Release;
		};
		CB9C60782C5AF76F00DAE1E3 /* Build configuration list for PBXNativeTarget "Nezha Mobile" */ = {
			isa = XCConfigurationList;
			buildConfigurations = (
				CB9C60792C5AF76F00DAE1E3 /* Debug */,
				CB9C607A2C5AF76F00DAE1E3 /* Release */,
			);
			defaultConfigurationIsVisible = 0;
			defaultConfigurationName = Release;
		};
		CBD2BB1F2C6C269900BA9A36 /* Build configuration list for PBXNativeTarget "Nezha Desktop" */ = {
			isa = XCConfigurationList;
			buildConfigurations = (
				CBD2BB1D2C6C269900BA9A36 /* Debug */,
				CBD2BB1E2C6C269900BA9A36 /* Release */,
			);
			defaultConfigurationIsVisible = 0;
			defaultConfigurationName = Release;
		};
/* End XCConfigurationList section */

/* Begin XCRemoteSwiftPackageReference section */
		CB1141FF2D0D17DC00A63CE7 /* XCRemoteSwiftPackageReference "keychain-swift" */ = {
			isa = XCRemoteSwiftPackageReference;
			repositoryURL = "https://github.com/evgenyneu/keychain-swift.git";
			requirement = {
				kind = upToNextMajorVersion;
				minimumVersion = 24.0.0;
			};
		};
		CBD9BA282EFBC633002B5394 /* XCRemoteSwiftPackageReference "SwiftSDK" */ = {
			isa = XCRemoteSwiftPackageReference;
			repositoryURL = "https://github.com/TelemetryDeck/SwiftSDK";
			requirement = {
				kind = upToNextMajorVersion;
				minimumVersion = 2.11.0;
			};
		};
		CBDAC3C82C7B2DCE002AA675 /* XCRemoteSwiftPackageReference "Cache" */ = {
			isa = XCRemoteSwiftPackageReference;
			repositoryURL = "https://github.com/hyperoslo/Cache.git";
			requirement = {
				kind = upToNextMajorVersion;
				minimumVersion = 7.3.0;
			};
		};
		CBED10592CFE7FEB004DAD8D /* XCRemoteSwiftPackageReference "SwiftyJSON" */ = {
			isa = XCRemoteSwiftPackageReference;
			repositoryURL = "https://github.com/SwiftyJSON/SwiftyJSON.git";
			requirement = {
				kind = upToNextMajorVersion;
				minimumVersion = 5.0.2;
			};
		};
/* End XCRemoteSwiftPackageReference section */

/* Begin XCSwiftPackageProductDependency section */
		CB0D2C182CC780C90075FAB7 /* NezhaMobileData */ = {
			isa = XCSwiftPackageProductDependency;
			productName = NezhaMobileData;
		};
		CB0D2C502CC794400075FAB7 /* Cache */ = {
			isa = XCSwiftPackageProductDependency;
			package = CBDAC3C82C7B2DCE002AA675 /* XCRemoteSwiftPackageReference "Cache" */;
			productName = Cache;
		};
		CB1142002D0D17DC00A63CE7 /* KeychainSwift */ = {
			isa = XCSwiftPackageProductDependency;
			package = CB1141FF2D0D17DC00A63CE7 /* XCRemoteSwiftPackageReference "keychain-swift" */;
			productName = KeychainSwift;
		};
		CB1142022D0D17F100A63CE7 /* KeychainSwift */ = {
			isa = XCSwiftPackageProductDependency;
			package = CB1141FF2D0D17DC00A63CE7 /* XCRemoteSwiftPackageReference "keychain-swift" */;
			productName = KeychainSwift;
		};
		CB1142042D0D17FB00A63CE7 /* KeychainSwift */ = {
			isa = XCSwiftPackageProductDependency;
			package = CB1141FF2D0D17DC00A63CE7 /* XCRemoteSwiftPackageReference "keychain-swift" */;
			productName = KeychainSwift;
		};
		CB1142062D0D180D00A63CE7 /* KeychainSwift */ = {
			isa = XCSwiftPackageProductDependency;
			package = CB1141FF2D0D17DC00A63CE7 /* XCRemoteSwiftPackageReference "keychain-swift" */;
			productName = KeychainSwift;
		};
		CB1142082D0D181C00A63CE7 /* KeychainSwift */ = {
			isa = XCSwiftPackageProductDependency;
			package = CB1141FF2D0D17DC00A63CE7 /* XCRemoteSwiftPackageReference "keychain-swift" */;
			productName = KeychainSwift;
		};
		CB7B9CFD2C9E965F004383C7 /* NezhaMobileData */ = {
			isa = XCSwiftPackageProductDependency;
			productName = NezhaMobileData;
		};
		CB7B9CFF2C9E9675004383C7 /* NezhaMobileData */ = {
			isa = XCSwiftPackageProductDependency;
			productName = NezhaMobileData;
		};
		CB7B9D012C9E967B004383C7 /* NezhaMobileData */ = {
			isa = XCSwiftPackageProductDependency;
			productName = NezhaMobileData;
		};
		CB7B9D092C9E9F14004383C7 /* NezhaMobileData */ = {
			isa = XCSwiftPackageProductDependency;
			productName = NezhaMobileData;
		};
		CB9747BA2F41BE2D00CFFF76 /* KeychainSwift */ = {
			isa = XCSwiftPackageProductDependency;
			package = CB1141FF2D0D17DC00A63CE7 /* XCRemoteSwiftPackageReference "keychain-swift" */;
			productName = KeychainSwift;
		};
		CBBDDF822D02EA200068AD5E /* SwiftyJSON */ = {
			isa = XCSwiftPackageProductDependency;
			package = CBED10592CFE7FEB004DAD8D /* XCRemoteSwiftPackageReference "SwiftyJSON" */;
			productName = SwiftyJSON;
		};
		CBD9BA292EFBC633002B5394 /* TelemetryDeck */ = {
			isa = XCSwiftPackageProductDependency;
			package = CBD9BA282EFBC633002B5394 /* XCRemoteSwiftPackageReference "SwiftSDK" */;
			productName = TelemetryDeck;
		};
		CBD9BA2D2EFBC671002B5394 /* TelemetryDeck */ = {
			isa = XCSwiftPackageProductDependency;
			package = CBD9BA282EFBC633002B5394 /* XCRemoteSwiftPackageReference "SwiftSDK" */;
			productName = TelemetryDeck;
		};
		CBD9BA2F2EFBC678002B5394 /* TelemetryDeck */ = {
			isa = XCSwiftPackageProductDependency;
			package = CBD9BA282EFBC633002B5394 /* XCRemoteSwiftPackageReference "SwiftSDK" */;
			productName = TelemetryDeck;
		};
		CBD9BA312EFBC691002B5394 /* TelemetryDeck */ = {
			isa = XCSwiftPackageProductDependency;
			package = CBD9BA282EFBC633002B5394 /* XCRemoteSwiftPackageReference "SwiftSDK" */;
			productName = TelemetryDeck;
		};
		CBDAC3C92C7B2DCE002AA675 /* Cache */ = {
			isa = XCSwiftPackageProductDependency;
			package = CBDAC3C82C7B2DCE002AA675 /* XCRemoteSwiftPackageReference "Cache" */;
			productName = Cache;
		};
		CBDAC3D12C7BFF13002AA675 /* Cache */ = {
			isa = XCSwiftPackageProductDependency;
			package = CBDAC3C82C7B2DCE002AA675 /* XCRemoteSwiftPackageReference "Cache" */;
			productName = Cache;
		};
		CBED105A2CFE7FEB004DAD8D /* SwiftyJSON */ = {
			isa = XCSwiftPackageProductDependency;
			package = CBED10592CFE7FEB004DAD8D /* XCRemoteSwiftPackageReference "SwiftyJSON" */;
			productName = SwiftyJSON;
		};
		CBED10B52D00788C004DAD8D /* SwiftyJSON */ = {
			isa = XCSwiftPackageProductDependency;
			package = CBED10592CFE7FEB004DAD8D /* XCRemoteSwiftPackageReference "SwiftyJSON" */;
			productName = SwiftyJSON;
		};
/* End XCSwiftPackageProductDependency section */
	};
	rootObject = CB9C605F2C5AF76E00DAE1E3 /* Project object */;
}
